// !$*UTF8*$!
{
	archiveVersion = 1;
	classes = {
	};
	objectVersion = 46;
	objects = {

/* Begin PBXBuildFile section */
		2D076B6F1BA57F5B0052047C /* DoubleSliderView.swift in Sources */ = {isa = PBXBuildFile; fileRef = 2D076B6E1BA57F5B0052047C /* DoubleSliderView.swift */; };
		2D20F5B81B84CF3F00FE7EFC /* ButlerTimer.swift in Sources */ = {isa = PBXBuildFile; fileRef = 2D20F5B71B84CF3F00FE7EFC /* ButlerTimer.swift */; };
		2D28669E1BA994CB00E2B35F /* DoubleSliderCellView.swift in Sources */ = {isa = PBXBuildFile; fileRef = 2D28669D1BA994CB00E2B35F /* DoubleSliderCellView.swift */; };
		2D2D56F21B9CD68C00705495 /* NotificationKeys.swift in Sources */ = {isa = PBXBuildFile; fileRef = 2D2D56F11B9CD68C00705495 /* NotificationKeys.swift */; };
		2D30884B1B83878E0015E1A0 /* Betty_ButlerUserDefaultsTests.swift in Sources */ = {isa = PBXBuildFile; fileRef = 2D30884A1B83878E0015E1A0 /* Betty_ButlerUserDefaultsTests.swift */; };
		2D45EB821BB7F61F00FCEAC2 /* DoubleSliderHandler.swift in Sources */ = {isa = PBXBuildFile; fileRef = 2D45EB801BB7F61F00FCEAC2 /* DoubleSliderHandler.swift */; };
		2D45EB831BB7F61F00FCEAC2 /* SliderHandle.swift in Sources */ = {isa = PBXBuildFile; fileRef = 2D45EB811BB7F61F00FCEAC2 /* SliderHandle.swift */; };
		2D4B84851B87230F00735187 /* UserDefaultKeys.swift in Sources */ = {isa = PBXBuildFile; fileRef = 2D4B84841B87230F00735187 /* UserDefaultKeys.swift */; };
		2D5AD2191B87597A008953B1 /* Beddy_ButlerTimerTests.swift in Sources */ = {isa = PBXBuildFile; fileRef = 2D5AD2181B87597A008953B1 /* Beddy_ButlerTimerTests.swift */; };
		2D5ECA231C26F034005C9E1A /* 20151210 - Nell Watson - Insistent.01.mp3 in Resources */ = {isa = PBXBuildFile; fileRef = 2D5EC9C81C26F034005C9E1A /* 20151210 - Nell Watson - Insistent.01.mp3 */; };
		2D5ECA241C26F034005C9E1A /* 20151210 - Nell Watson - Insistent.02.mp3 in Resources */ = {isa = PBXBuildFile; fileRef = 2D5EC9C91C26F034005C9E1A /* 20151210 - Nell Watson - Insistent.02.mp3 */; };
		2D5ECA251C26F034005C9E1A /* 20151210 - Nell Watson - Insistent.03.mp3 in Resources */ = {isa = PBXBuildFile; fileRef = 2D5EC9CA1C26F034005C9E1A /* 20151210 - Nell Watson - Insistent.03.mp3 */; };
		2D5ECA261C26F034005C9E1A /* 20151210 - Nell Watson - Insistent.04.mp3 in Resources */ = {isa = PBXBuildFile; fileRef = 2D5EC9CB1C26F034005C9E1A /* 20151210 - Nell Watson - Insistent.04.mp3 */; };
		2D5ECA271C26F034005C9E1A /* 20151210 - Nell Watson - Insistent.05.mp3 in Resources */ = {isa = PBXBuildFile; fileRef = 2D5EC9CC1C26F034005C9E1A /* 20151210 - Nell Watson - Insistent.05.mp3 */; };
		2D5ECA281C26F034005C9E1A /* 20151210 - Nell Watson - Insistent.06.mp3 in Resources */ = {isa = PBXBuildFile; fileRef = 2D5EC9CD1C26F034005C9E1A /* 20151210 - Nell Watson - Insistent.06.mp3 */; };
		2D5ECA291C26F034005C9E1A /* 20151210 - Nell Watson - Insistent.07.mp3 in Resources */ = {isa = PBXBuildFile; fileRef = 2D5EC9CE1C26F034005C9E1A /* 20151210 - Nell Watson - Insistent.07.mp3 */; };
		2D5ECA2A1C26F034005C9E1A /* 20151210 - Nell Watson - Insistent.08.mp3 in Resources */ = {isa = PBXBuildFile; fileRef = 2D5EC9CF1C26F034005C9E1A /* 20151210 - Nell Watson - Insistent.08.mp3 */; };
		2D5ECA2B1C26F034005C9E1A /* 20151210 - Nell Watson - Insistent.09.mp3 in Resources */ = {isa = PBXBuildFile; fileRef = 2D5EC9D01C26F034005C9E1A /* 20151210 - Nell Watson - Insistent.09.mp3 */; };
		2D5ECA2C1C26F034005C9E1A /* 20151210 - Nell Watson - Insistent.10.mp3 in Resources */ = {isa = PBXBuildFile; fileRef = 2D5EC9D11C26F034005C9E1A /* 20151210 - Nell Watson - Insistent.10.mp3 */; };
		2D5ECA2D1C26F034005C9E1A /* 20151210 - Nell Watson - Insistent.11.mp3 in Resources */ = {isa = PBXBuildFile; fileRef = 2D5EC9D21C26F034005C9E1A /* 20151210 - Nell Watson - Insistent.11.mp3 */; };
		2D5ECA2E1C26F034005C9E1A /* 20151210 - Nell Watson - Insistent.12.mp3 in Resources */ = {isa = PBXBuildFile; fileRef = 2D5EC9D31C26F034005C9E1A /* 20151210 - Nell Watson - Insistent.12.mp3 */; };
		2D5ECA2F1C26F034005C9E1A /* 20151210 - Nell Watson - Insistent.13.mp3 in Resources */ = {isa = PBXBuildFile; fileRef = 2D5EC9D41C26F034005C9E1A /* 20151210 - Nell Watson - Insistent.13.mp3 */; };
		2D5ECA301C26F034005C9E1A /* 20151210 - Nell Watson - Insistent.14.mp3 in Resources */ = {isa = PBXBuildFile; fileRef = 2D5EC9D51C26F034005C9E1A /* 20151210 - Nell Watson - Insistent.14.mp3 */; };
		2D5ECA311C26F034005C9E1A /* 20151210 - Nell Watson - Insistent.15.mp3 in Resources */ = {isa = PBXBuildFile; fileRef = 2D5EC9D61C26F034005C9E1A /* 20151210 - Nell Watson - Insistent.15.mp3 */; };
		2D5ECA321C26F034005C9E1A /* 20151210 - Nell Watson - Insistent.16b.mp3 in Resources */ = {isa = PBXBuildFile; fileRef = 2D5EC9D71C26F034005C9E1A /* 20151210 - Nell Watson - Insistent.16b.mp3 */; };
		2D5ECA331C26F034005C9E1A /* 20151210 - Nell Watson - Insistent.17.mp3 in Resources */ = {isa = PBXBuildFile; fileRef = 2D5EC9D81C26F034005C9E1A /* 20151210 - Nell Watson - Insistent.17.mp3 */; };
		2D5ECA341C26F034005C9E1A /* 20151210 - Nell Watson - Insistent.18.mp3 in Resources */ = {isa = PBXBuildFile; fileRef = 2D5EC9D91C26F034005C9E1A /* 20151210 - Nell Watson - Insistent.18.mp3 */; };
		2D5ECA351C26F034005C9E1A /* 20151210 - Nell Watson - Insistent.18tuned.mp3 in Resources */ = {isa = PBXBuildFile; fileRef = 2D5EC9DA1C26F034005C9E1A /* 20151210 - Nell Watson - Insistent.18tuned.mp3 */; };
		2D5ECA361C26F034005C9E1A /* 20151210 - Nell Watson - Shy.01.mp3 in Resources */ = {isa = PBXBuildFile; fileRef = 2D5EC9DB1C26F034005C9E1A /* 20151210 - Nell Watson - Shy.01.mp3 */; };
		2D5ECA371C26F034005C9E1A /* 20151210 - Nell Watson - Shy.02.mp3 in Resources */ = {isa = PBXBuildFile; fileRef = 2D5EC9DC1C26F034005C9E1A /* 20151210 - Nell Watson - Shy.02.mp3 */; };
		2D5ECA381C26F034005C9E1A /* 20151210 - Nell Watson - Shy.04.mp3 in Resources */ = {isa = PBXBuildFile; fileRef = 2D5EC9DD1C26F034005C9E1A /* 20151210 - Nell Watson - Shy.04.mp3 */; };
		2D5ECA391C26F034005C9E1A /* 20151210 - Nell Watson - Shy.05.mp3 in Resources */ = {isa = PBXBuildFile; fileRef = 2D5EC9DE1C26F034005C9E1A /* 20151210 - Nell Watson - Shy.05.mp3 */; };
		2D5ECA3A1C26F034005C9E1A /* 20151210 - Nell Watson - Shy.06.mp3 in Resources */ = {isa = PBXBuildFile; fileRef = 2D5EC9DF1C26F034005C9E1A /* 20151210 - Nell Watson - Shy.06.mp3 */; };
		2D5ECA3B1C26F034005C9E1A /* 20151210 - Nell Watson - Shy.07.mp3 in Resources */ = {isa = PBXBuildFile; fileRef = 2D5EC9E01C26F034005C9E1A /* 20151210 - Nell Watson - Shy.07.mp3 */; };
		2D5ECA3C1C26F034005C9E1A /* 20151210 - Nell Watson - Shy.08.mp3 in Resources */ = {isa = PBXBuildFile; fileRef = 2D5EC9E11C26F034005C9E1A /* 20151210 - Nell Watson - Shy.08.mp3 */; };
		2D5ECA3D1C26F034005C9E1A /* 20151210 - Nell Watson - Shy.09.mp3 in Resources */ = {isa = PBXBuildFile; fileRef = 2D5EC9E21C26F034005C9E1A /* 20151210 - Nell Watson - Shy.09.mp3 */; };
		2D5ECA3E1C26F034005C9E1A /* 20151210 - Nell Watson - Shy.10.mp3 in Resources */ = {isa = PBXBuildFile; fileRef = 2D5EC9E31C26F034005C9E1A /* 20151210 - Nell Watson - Shy.10.mp3 */; };
		2D5ECA3F1C26F034005C9E1A /* 20151210 - Nell Watson - Shy.11.mp3 in Resources */ = {isa = PBXBuildFile; fileRef = 2D5EC9E41C26F034005C9E1A /* 20151210 - Nell Watson - Shy.11.mp3 */; };
		2D5ECA401C26F034005C9E1A /* 20151210 - Nell Watson - Shy.12.mp3 in Resources */ = {isa = PBXBuildFile; fileRef = 2D5EC9E51C26F034005C9E1A /* 20151210 - Nell Watson - Shy.12.mp3 */; };
		2D5ECA411C26F034005C9E1A /* 20151210 - Nell Watson - Shy.13.mp3 in Resources */ = {isa = PBXBuildFile; fileRef = 2D5EC9E61C26F034005C9E1A /* 20151210 - Nell Watson - Shy.13.mp3 */; };
		2D5ECA421C26F034005C9E1A /* 20151210 - Nell Watson - Shy.14.mp3 in Resources */ = {isa = PBXBuildFile; fileRef = 2D5EC9E71C26F034005C9E1A /* 20151210 - Nell Watson - Shy.14.mp3 */; };
		2D5ECA431C26F034005C9E1A /* 20151210 - Nell Watson - Shy.15.mp3 in Resources */ = {isa = PBXBuildFile; fileRef = 2D5EC9E81C26F034005C9E1A /* 20151210 - Nell Watson - Shy.15.mp3 */; };
		2D5ECA441C26F034005C9E1A /* 20151210 - Nell Watson - Shy.16.mp3 in Resources */ = {isa = PBXBuildFile; fileRef = 2D5EC9E91C26F034005C9E1A /* 20151210 - Nell Watson - Shy.16.mp3 */; };
		2D5ECA451C26F034005C9E1A /* 20151210 - Nell Watson - Shy.17.mp3 in Resources */ = {isa = PBXBuildFile; fileRef = 2D5EC9EA1C26F034005C9E1A /* 20151210 - Nell Watson - Shy.17.mp3 */; };
		2D5ECA461C26F034005C9E1A /* 20151210 - Nell Watson - Shy.18.mp3 in Resources */ = {isa = PBXBuildFile; fileRef = 2D5EC9EB1C26F034005C9E1A /* 20151210 - Nell Watson - Shy.18.mp3 */; };
		2D5ECA471C26F034005C9E1A /* 20151210 - Nell Watson - Shy.19.mp3 in Resources */ = {isa = PBXBuildFile; fileRef = 2D5EC9EC1C26F034005C9E1A /* 20151210 - Nell Watson - Shy.19.mp3 */; };
		2D5ECA481C26F034005C9E1A /* 20151210 - Nell Watson - Zombie.01.mp3 in Resources */ = {isa = PBXBuildFile; fileRef = 2D5EC9ED1C26F034005C9E1A /* 20151210 - Nell Watson - Zombie.01.mp3 */; };
		2D5ECA491C26F034005C9E1A /* 20151210 - Nell Watson - Zombie.02.mp3 in Resources */ = {isa = PBXBuildFile; fileRef = 2D5EC9EE1C26F034005C9E1A /* 20151210 - Nell Watson - Zombie.02.mp3 */; };
		2D5ECA4A1C26F034005C9E1A /* 20151210 - Nell Watson - Zombie.03.mp3 in Resources */ = {isa = PBXBuildFile; fileRef = 2D5EC9EF1C26F034005C9E1A /* 20151210 - Nell Watson - Zombie.03.mp3 */; };
		2D5ECA4B1C26F034005C9E1A /* 20151210 - Nell Watson - Zombie.04.mp3 in Resources */ = {isa = PBXBuildFile; fileRef = 2D5EC9F01C26F034005C9E1A /* 20151210 - Nell Watson - Zombie.04.mp3 */; };
		2D5ECA4C1C26F034005C9E1A /* 20151210 - Nell Watson - Zombie.05.mp3 in Resources */ = {isa = PBXBuildFile; fileRef = 2D5EC9F11C26F034005C9E1A /* 20151210 - Nell Watson - Zombie.05.mp3 */; };
		2D5ECA4D1C26F034005C9E1A /* 20151210 - Nell Watson - Zombie.06.mp3 in Resources */ = {isa = PBXBuildFile; fileRef = 2D5EC9F21C26F034005C9E1A /* 20151210 - Nell Watson - Zombie.06.mp3 */; };
		2D5ECA4E1C26F034005C9E1A /* 20151210 - Nell Watson - Zombie.07.mp3 in Resources */ = {isa = PBXBuildFile; fileRef = 2D5EC9F31C26F034005C9E1A /* 20151210 - Nell Watson - Zombie.07.mp3 */; };
		2D5ECA4F1C26F034005C9E1A /* 20151210 - Nell Watson - Zombie.08.mp3 in Resources */ = {isa = PBXBuildFile; fileRef = 2D5EC9F41C26F034005C9E1A /* 20151210 - Nell Watson - Zombie.08.mp3 */; };
		2D5ECA501C26F034005C9E1A /* 20151210 - Nell Watson - Zombie.09.mp3 in Resources */ = {isa = PBXBuildFile; fileRef = 2D5EC9F51C26F034005C9E1A /* 20151210 - Nell Watson - Zombie.09.mp3 */; };
		2D5ECA511C26F034005C9E1A /* 20151210 - Nell Watson - Zombie.10.mp3 in Resources */ = {isa = PBXBuildFile; fileRef = 2D5EC9F61C26F034005C9E1A /* 20151210 - Nell Watson - Zombie.10.mp3 */; };
		2D5ECA521C26F034005C9E1A /* 20151210 - Nell Watson - Zombie.11.mp3 in Resources */ = {isa = PBXBuildFile; fileRef = 2D5EC9F71C26F034005C9E1A /* 20151210 - Nell Watson - Zombie.11.mp3 */; };
		2D5ECA531C26F034005C9E1A /* 20151210 - Nell Watson - Zombie.12.mp3 in Resources */ = {isa = PBXBuildFile; fileRef = 2D5EC9F81C26F034005C9E1A /* 20151210 - Nell Watson - Zombie.12.mp3 */; };
		2D5ECA541C26F034005C9E1A /* 20151210 - Nell Watson - Zombie.13.mp3 in Resources */ = {isa = PBXBuildFile; fileRef = 2D5EC9F91C26F034005C9E1A /* 20151210 - Nell Watson - Zombie.13.mp3 */; };
		2D5ECA551C26F034005C9E1A /* 20151210 - Nell Watson - Zombie.14.mp3 in Resources */ = {isa = PBXBuildFile; fileRef = 2D5EC9FA1C26F034005C9E1A /* 20151210 - Nell Watson - Zombie.14.mp3 */; };
		2D5ECA561C26F034005C9E1A /* 20151210 - Nell Watson - Zombie.15.mp3 in Resources */ = {isa = PBXBuildFile; fileRef = 2D5EC9FB1C26F034005C9E1A /* 20151210 - Nell Watson - Zombie.15.mp3 */; };
		2D5ECA571C26F034005C9E1A /* 20151210 - Nell Watson - Zombie.16.mp3 in Resources */ = {isa = PBXBuildFile; fileRef = 2D5EC9FC1C26F034005C9E1A /* 20151210 - Nell Watson - Zombie.16.mp3 */; };
		2D5ECA581C26F034005C9E1A /* 20151210 - Nell Watson - Zombie.17.mp3 in Resources */ = {isa = PBXBuildFile; fileRef = 2D5EC9FD1C26F034005C9E1A /* 20151210 - Nell Watson - Zombie.17.mp3 */; };
		2D5ECA591C26F034005C9E1A /* 20151210 - Nell Watson - Zombie.18.mp3 in Resources */ = {isa = PBXBuildFile; fileRef = 2D5EC9FE1C26F034005C9E1A /* 20151210 - Nell Watson - Zombie.18.mp3 */; };
		2D5ECA5A1C26F034005C9E1A /* 20151210 - Nell Watson - Zombie.19.mp3 in Resources */ = {isa = PBXBuildFile; fileRef = 2D5EC9FF1C26F034005C9E1A /* 20151210 - Nell Watson - Zombie.19.mp3 */; };
		2D5ECA5B1C26F034005C9E1A /* 20151210 - Nell Watson - Zombie.20.mp3 in Resources */ = {isa = PBXBuildFile; fileRef = 2D5ECA001C26F034005C9E1A /* 20151210 - Nell Watson - Zombie.20.mp3 */; };
		2D5ECA5C1C26F034005C9E1A /* 20151210 - Nell Watson - Zombie.21.mp3 in Resources */ = {isa = PBXBuildFile; fileRef = 2D5ECA011C26F034005C9E1A /* 20151210 - Nell Watson - Zombie.21.mp3 */; };
		2D5ECA5D1C26F034005C9E1A /* 20151210 - Nell Watson - Zombie.22.mp3 in Resources */ = {isa = PBXBuildFile; fileRef = 2D5ECA021C26F034005C9E1A /* 20151210 - Nell Watson - Zombie.22.mp3 */; };
		2D5ECA5E1C26F034005C9E1A /* 20151210 - Nell Watson - Zombie.23.mp3 in Resources */ = {isa = PBXBuildFile; fileRef = 2D5ECA031C26F034005C9E1A /* 20151210 - Nell Watson - Zombie.23.mp3 */; };
		2D5ECA5F1C26F034005C9E1A /* 20151210 - Nell Watson - Zombie.24.mp3 in Resources */ = {isa = PBXBuildFile; fileRef = 2D5ECA041C26F034005C9E1A /* 20151210 - Nell Watson - Zombie.24.mp3 */; };
		2D5ECA601C26F034005C9E1A /* 20151210 - Nell Watson - Zombie.25.mp3 in Resources */ = {isa = PBXBuildFile; fileRef = 2D5ECA051C26F034005C9E1A /* 20151210 - Nell Watson - Zombie.25.mp3 */; };
		2D5ECA611C26F034005C9E1A /* 20151210 - Nell Watson - Zombie.26.mp3 in Resources */ = {isa = PBXBuildFile; fileRef = 2D5ECA061C26F034005C9E1A /* 20151210 - Nell Watson - Zombie.26.mp3 */; };
		2D5ECA621C26F034005C9E1A /* 20151210 - Nell Watson - Zombie.27.mp3 in Resources */ = {isa = PBXBuildFile; fileRef = 2D5ECA071C26F034005C9E1A /* 20151210 - Nell Watson - Zombie.27.mp3 */; };
		2D5ECA631C26F034005C9E1A /* 20151210 - Nell Watson - Zombie.28.mp3 in Resources */ = {isa = PBXBuildFile; fileRef = 2D5ECA081C26F034005C9E1A /* 20151210 - Nell Watson - Zombie.28.mp3 */; };
		2D5ECA641C26F034005C9E1A /* 20151210 - Nell Watson - Zombie.29.mp3 in Resources */ = {isa = PBXBuildFile; fileRef = 2D5ECA091C26F034005C9E1A /* 20151210 - Nell Watson - Zombie.29.mp3 */; };
		2D5ECA651C26F034005C9E1A /* 20151210 - Nell Watson - Zombie.30.mp3 in Resources */ = {isa = PBXBuildFile; fileRef = 2D5ECA0A1C26F034005C9E1A /* 20151210 - Nell Watson - Zombie.30.mp3 */; };
		2D5ECA661C26F034005C9E1A /* 20151210 - Nell Watson - Zombie.31.mp3 in Resources */ = {isa = PBXBuildFile; fileRef = 2D5ECA0B1C26F034005C9E1A /* 20151210 - Nell Watson - Zombie.31.mp3 */; };
		2D5ECA671C26F034005C9E1A /* 20151210 - Nell Watson - Zombie.32.mp3 in Resources */ = {isa = PBXBuildFile; fileRef = 2D5ECA0C1C26F034005C9E1A /* 20151210 - Nell Watson - Zombie.32.mp3 */; };
		2D5ECA681C26F034005C9E1A /* 20151210 - Nell Watson - Zombie.33.mp3 in Resources */ = {isa = PBXBuildFile; fileRef = 2D5ECA0D1C26F034005C9E1A /* 20151210 - Nell Watson - Zombie.33.mp3 */; };
		2D5ECA691C26F034005C9E1A /* 20151210 - Nell Watson - Zombie.34.mp3 in Resources */ = {isa = PBXBuildFile; fileRef = 2D5ECA0E1C26F034005C9E1A /* 20151210 - Nell Watson - Zombie.34.mp3 */; };
		2D5ECA6A1C26F034005C9E1A /* 20151210 - Nell Watson - Zombie.35.mp3 in Resources */ = {isa = PBXBuildFile; fileRef = 2D5ECA0F1C26F034005C9E1A /* 20151210 - Nell Watson - Zombie.35.mp3 */; };
		2D5ECA6B1C26F034005C9E1A /* 20151210 - Nell Watson - Zombie.36.mp3 in Resources */ = {isa = PBXBuildFile; fileRef = 2D5ECA101C26F034005C9E1A /* 20151210 - Nell Watson - Zombie.36.mp3 */; };
		2D5ECA6C1C26F034005C9E1A /* 20151210 - Nell Watson - Zombie.37.mp3 in Resources */ = {isa = PBXBuildFile; fileRef = 2D5ECA111C26F034005C9E1A /* 20151210 - Nell Watson - Zombie.37.mp3 */; };
		2D5ECA6D1C26F034005C9E1A /* 20151210 - Nell Watson - Zombie.38.mp3 in Resources */ = {isa = PBXBuildFile; fileRef = 2D5ECA121C26F034005C9E1A /* 20151210 - Nell Watson - Zombie.38.mp3 */; };
		2D5ECA6E1C26F034005C9E1A /* 20151210 - Nell Watson - Zombie.39.mp3 in Resources */ = {isa = PBXBuildFile; fileRef = 2D5ECA131C26F034005C9E1A /* 20151210 - Nell Watson - Zombie.39.mp3 */; };
		2D5ECA6F1C26F034005C9E1A /* 20151210 - Nell Watson - Zombie.40.mp3 in Resources */ = {isa = PBXBuildFile; fileRef = 2D5ECA141C26F034005C9E1A /* 20151210 - Nell Watson - Zombie.40.mp3 */; };
		2D5ECA701C26F034005C9E1A /* 20151210 - Nell Watson - Zombie.41.mp3 in Resources */ = {isa = PBXBuildFile; fileRef = 2D5ECA151C26F034005C9E1A /* 20151210 - Nell Watson - Zombie.41.mp3 */; };
		2D5ECA711C26F034005C9E1A /* 20151210 - Nell Watson - Zombie.42.mp3 in Resources */ = {isa = PBXBuildFile; fileRef = 2D5ECA161C26F034005C9E1A /* 20151210 - Nell Watson - Zombie.42.mp3 */; };
		2D5ECA721C26F034005C9E1A /* 20151210 - Nell Watson - Zombie.43.mp3 in Resources */ = {isa = PBXBuildFile; fileRef = 2D5ECA171C26F034005C9E1A /* 20151210 - Nell Watson - Zombie.43.mp3 */; };
		2D5ECA731C26F034005C9E1A /* 20151210 - Nell Watson - Zombie.44.mp3 in Resources */ = {isa = PBXBuildFile; fileRef = 2D5ECA181C26F034005C9E1A /* 20151210 - Nell Watson - Zombie.44.mp3 */; };
		2D5ECA741C26F034005C9E1A /* 20151210 - Nell Watson - Zombie.45.mp3 in Resources */ = {isa = PBXBuildFile; fileRef = 2D5ECA191C26F034005C9E1A /* 20151210 - Nell Watson - Zombie.45.mp3 */; };
		2D5ECA751C26F034005C9E1A /* 20151210 - Nell Watson - Zombie.46.mp3 in Resources */ = {isa = PBXBuildFile; fileRef = 2D5ECA1A1C26F034005C9E1A /* 20151210 - Nell Watson - Zombie.46.mp3 */; };
		2D5ECA761C26F034005C9E1A /* 20151210 - Nell Watson - Zombie.47.mp3 in Resources */ = {isa = PBXBuildFile; fileRef = 2D5ECA1B1C26F034005C9E1A /* 20151210 - Nell Watson - Zombie.47.mp3 */; };
		2D5ECA771C26F034005C9E1A /* 20151210 - Nell Watson - Zombie.48.mp3 in Resources */ = {isa = PBXBuildFile; fileRef = 2D5ECA1C1C26F034005C9E1A /* 20151210 - Nell Watson - Zombie.48.mp3 */; };
		2D5ECA781C26F034005C9E1A /* 20151210 - Nell Watson - Zombie.49.mp3 in Resources */ = {isa = PBXBuildFile; fileRef = 2D5ECA1D1C26F034005C9E1A /* 20151210 - Nell Watson - Zombie.49.mp3 */; };
		2D5ECA791C26F034005C9E1A /* 20151210 - Nell Watson - Zombie.50.mp3 in Resources */ = {isa = PBXBuildFile; fileRef = 2D5ECA1E1C26F034005C9E1A /* 20151210 - Nell Watson - Zombie.50.mp3 */; };
		2D5ECA7A1C26F034005C9E1A /* 20151210 - Nell Watson - Zombie.51.mp3 in Resources */ = {isa = PBXBuildFile; fileRef = 2D5ECA1F1C26F034005C9E1A /* 20151210 - Nell Watson - Zombie.51.mp3 */; };
		2D5ECA7B1C26F034005C9E1A /* 20151210 - Nell Watson - Zombie.52.mp3 in Resources */ = {isa = PBXBuildFile; fileRef = 2D5ECA201C26F034005C9E1A /* 20151210 - Nell Watson - Zombie.52.mp3 */; };
		2D5ECA7C1C26F034005C9E1A /* 20151210 - Nell Watson - Zombie.53.mp3 in Resources */ = {isa = PBXBuildFile; fileRef = 2D5ECA211C26F034005C9E1A /* 20151210 - Nell Watson - Zombie.53.mp3 */; };
		2D5ECA7D1C26F034005C9E1A /* 20151210 - Nell Watson - Zombie.54.mp3 in Resources */ = {isa = PBXBuildFile; fileRef = 2D5ECA221C26F034005C9E1A /* 20151210 - Nell Watson - Zombie.54.mp3 */; };
		2D6082C11BC669EB00FFF44C /* AboutViewController.swift in Sources */ = {isa = PBXBuildFile; fileRef = 2D6082C01BC669EB00FFF44C /* AboutViewController.swift */; };
		2D9B85331B83678F002795F8 /* Beddy_ButlerAudioTests.swift in Sources */ = {isa = PBXBuildFile; fileRef = 2D9B85321B83678F002795F8 /* Beddy_ButlerAudioTests.swift */; };
		2D9B85361B836944002795F8 /* AudioPlayer.swift in Sources */ = {isa = PBXBuildFile; fileRef = 2D9B85351B836944002795F8 /* AudioPlayer.swift */; };
		2DA6062C1BDA2ADD0042F859 /* LoginItems.swift in Sources */ = {isa = PBXBuildFile; fileRef = 2DA6062B1BDA2ADD0042F859 /* LoginItems.swift */; };
		2DAF9DE91BBD57B20021FD0D /* SliderKeys.swift in Sources */ = {isa = PBXBuildFile; fileRef = 2DAF9DE81BBD57B20021FD0D /* SliderKeys.swift */; };
		2DC766FF1B78D25F00866072 /* AppDelegate.swift in Sources */ = {isa = PBXBuildFile; fileRef = 2DC766FE1B78D25F00866072 /* AppDelegate.swift */; };
		2DC767011B78D25F00866072 /* PreferencesViewController.swift in Sources */ = {isa = PBXBuildFile; fileRef = 2DC767001B78D25F00866072 /* PreferencesViewController.swift */; };
		2DC767031B78D25F00866072 /* Images.xcassets in Resources */ = {isa = PBXBuildFile; fileRef = 2DC767021B78D25F00866072 /* Images.xcassets */; };
		2DC767061B78D25F00866072 /* Main.storyboard in Resources */ = {isa = PBXBuildFile; fileRef = 2DC767041B78D25F00866072 /* Main.storyboard */; };
		2DC767121B78D25F00866072 /* Beddy_ButlerSliderTests.swift in Sources */ = {isa = PBXBuildFile; fileRef = 2DC767111B78D25F00866072 /* Beddy_ButlerSliderTests.swift */; };
		2DCCAA221BD76EED00F96405 /* Beddy_ButlerLoginTests.swift in Sources */ = {isa = PBXBuildFile; fileRef = 2DCCAA211BD76EED00F96405 /* Beddy_ButlerLoginTests.swift */; };
		2DD2B24C1B91E26B006318E8 /* RandomnessFormatter.swift in Sources */ = {isa = PBXBuildFile; fileRef = 2DD2B24B1B91E26B006318E8 /* RandomnessFormatter.swift */; };
		2DD2B24E1B91F6D1006318E8 /* FrequencySlider.swift in Sources */ = {isa = PBXBuildFile; fileRef = 2DD2B24D1B91F6D1006318E8 /* FrequencySlider.swift */; };
/* End PBXBuildFile section */

/* Begin PBXContainerItemProxy section */
		2DC7670C1B78D25F00866072 /* PBXContainerItemProxy */ = {
			isa = PBXContainerItemProxy;
			containerPortal = 2DC766F11B78D25F00866072 /* Project object */;
			proxyType = 1;
			remoteGlobalIDString = 2DC766F81B78D25F00866072;
			remoteInfo = "Beddy Butler";
		};
/* End PBXContainerItemProxy section */

/* Begin PBXFileReference section */
		2D076B6E1BA57F5B0052047C /* DoubleSliderView.swift */ = {isa = PBXFileReference; fileEncoding = 4; lastKnownFileType = sourcecode.swift; name = DoubleSliderView.swift; path = "Beddy Butler/DoubleSliderView.swift"; sourceTree = "<group>"; };
		2D20F5B71B84CF3F00FE7EFC /* ButlerTimer.swift */ = {isa = PBXFileReference; fileEncoding = 4; lastKnownFileType = sourcecode.swift; path = ButlerTimer.swift; sourceTree = "<group>"; };
		2D28669D1BA994CB00E2B35F /* DoubleSliderCellView.swift */ = {isa = PBXFileReference; fileEncoding = 4; lastKnownFileType = sourcecode.swift; name = DoubleSliderCellView.swift; path = "Beddy Butler/DoubleSliderCellView.swift"; sourceTree = "<group>"; };
		2D2D56F11B9CD68C00705495 /* NotificationKeys.swift */ = {isa = PBXFileReference; fileEncoding = 4; lastKnownFileType = sourcecode.swift; path = NotificationKeys.swift; sourceTree = "<group>"; };
		2D30884A1B83878E0015E1A0 /* Betty_ButlerUserDefaultsTests.swift */ = {isa = PBXFileReference; fileEncoding = 4; lastKnownFileType = sourcecode.swift; path = Betty_ButlerUserDefaultsTests.swift; sourceTree = "<group>"; };
		2D45EB801BB7F61F00FCEAC2 /* DoubleSliderHandler.swift */ = {isa = PBXFileReference; fileEncoding = 4; lastKnownFileType = sourcecode.swift; path = DoubleSliderHandler.swift; sourceTree = "<group>"; };
		2D45EB811BB7F61F00FCEAC2 /* SliderHandle.swift */ = {isa = PBXFileReference; fileEncoding = 4; lastKnownFileType = sourcecode.swift; path = SliderHandle.swift; sourceTree = "<group>"; };
		2D4B84841B87230F00735187 /* UserDefaultKeys.swift */ = {isa = PBXFileReference; fileEncoding = 4; lastKnownFileType = sourcecode.swift; path = UserDefaultKeys.swift; sourceTree = "<group>"; };
		2D5AD2181B87597A008953B1 /* Beddy_ButlerTimerTests.swift */ = {isa = PBXFileReference; fileEncoding = 4; lastKnownFileType = sourcecode.swift; path = Beddy_ButlerTimerTests.swift; sourceTree = "<group>"; };
		2D5EC9C81C26F034005C9E1A /* 20151210 - Nell Watson - Insistent.01.mp3 */ = {isa = PBXFileReference; lastKnownFileType = audio.mp3; name = "20151210 - Nell Watson - Insistent.01.mp3"; path = "Sounds/20151210 - Nell Watson - Insistent.01.mp3"; sourceTree = "<group>"; };
		2D5EC9C91C26F034005C9E1A /* 20151210 - Nell Watson - Insistent.02.mp3 */ = {isa = PBXFileReference; lastKnownFileType = audio.mp3; name = "20151210 - Nell Watson - Insistent.02.mp3"; path = "Sounds/20151210 - Nell Watson - Insistent.02.mp3"; sourceTree = "<group>"; };
		2D5EC9CA1C26F034005C9E1A /* 20151210 - Nell Watson - Insistent.03.mp3 */ = {isa = PBXFileReference; lastKnownFileType = audio.mp3; name = "20151210 - Nell Watson - Insistent.03.mp3"; path = "Sounds/20151210 - Nell Watson - Insistent.03.mp3"; sourceTree = "<group>"; };
		2D5EC9CB1C26F034005C9E1A /* 20151210 - Nell Watson - Insistent.04.mp3 */ = {isa = PBXFileReference; lastKnownFileType = audio.mp3; name = "20151210 - Nell Watson - Insistent.04.mp3"; path = "Sounds/20151210 - Nell Watson - Insistent.04.mp3"; sourceTree = "<group>"; };
		2D5EC9CC1C26F034005C9E1A /* 20151210 - Nell Watson - Insistent.05.mp3 */ = {isa = PBXFileReference; lastKnownFileType = audio.mp3; name = "20151210 - Nell Watson - Insistent.05.mp3"; path = "Sounds/20151210 - Nell Watson - Insistent.05.mp3"; sourceTree = "<group>"; };
		2D5EC9CD1C26F034005C9E1A /* 20151210 - Nell Watson - Insistent.06.mp3 */ = {isa = PBXFileReference; lastKnownFileType = audio.mp3; name = "20151210 - Nell Watson - Insistent.06.mp3"; path = "Sounds/20151210 - Nell Watson - Insistent.06.mp3"; sourceTree = "<group>"; };
		2D5EC9CE1C26F034005C9E1A /* 20151210 - Nell Watson - Insistent.07.mp3 */ = {isa = PBXFileReference; lastKnownFileType = audio.mp3; name = "20151210 - Nell Watson - Insistent.07.mp3"; path = "Sounds/20151210 - Nell Watson - Insistent.07.mp3"; sourceTree = "<group>"; };
		2D5EC9CF1C26F034005C9E1A /* 20151210 - Nell Watson - Insistent.08.mp3 */ = {isa = PBXFileReference; lastKnownFileType = audio.mp3; name = "20151210 - Nell Watson - Insistent.08.mp3"; path = "Sounds/20151210 - Nell Watson - Insistent.08.mp3"; sourceTree = "<group>"; };
		2D5EC9D01C26F034005C9E1A /* 20151210 - Nell Watson - Insistent.09.mp3 */ = {isa = PBXFileReference; lastKnownFileType = audio.mp3; name = "20151210 - Nell Watson - Insistent.09.mp3"; path = "Sounds/20151210 - Nell Watson - Insistent.09.mp3"; sourceTree = "<group>"; };
		2D5EC9D11C26F034005C9E1A /* 20151210 - Nell Watson - Insistent.10.mp3 */ = {isa = PBXFileReference; lastKnownFileType = audio.mp3; name = "20151210 - Nell Watson - Insistent.10.mp3"; path = "Sounds/20151210 - Nell Watson - Insistent.10.mp3"; sourceTree = "<group>"; };
		2D5EC9D21C26F034005C9E1A /* 20151210 - Nell Watson - Insistent.11.mp3 */ = {isa = PBXFileReference; lastKnownFileType = audio.mp3; name = "20151210 - Nell Watson - Insistent.11.mp3"; path = "Sounds/20151210 - Nell Watson - Insistent.11.mp3"; sourceTree = "<group>"; };
		2D5EC9D31C26F034005C9E1A /* 20151210 - Nell Watson - Insistent.12.mp3 */ = {isa = PBXFileReference; lastKnownFileType = audio.mp3; name = "20151210 - Nell Watson - Insistent.12.mp3"; path = "Sounds/20151210 - Nell Watson - Insistent.12.mp3"; sourceTree = "<group>"; };
		2D5EC9D41C26F034005C9E1A /* 20151210 - Nell Watson - Insistent.13.mp3 */ = {isa = PBXFileReference; lastKnownFileType = audio.mp3; name = "20151210 - Nell Watson - Insistent.13.mp3"; path = "Sounds/20151210 - Nell Watson - Insistent.13.mp3"; sourceTree = "<group>"; };
		2D5EC9D51C26F034005C9E1A /* 20151210 - Nell Watson - Insistent.14.mp3 */ = {isa = PBXFileReference; lastKnownFileType = audio.mp3; name = "20151210 - Nell Watson - Insistent.14.mp3"; path = "Sounds/20151210 - Nell Watson - Insistent.14.mp3"; sourceTree = "<group>"; };
		2D5EC9D61C26F034005C9E1A /* 20151210 - Nell Watson - Insistent.15.mp3 */ = {isa = PBXFileReference; lastKnownFileType = audio.mp3; name = "20151210 - Nell Watson - Insistent.15.mp3"; path = "Sounds/20151210 - Nell Watson - Insistent.15.mp3"; sourceTree = "<group>"; };
		2D5EC9D71C26F034005C9E1A /* 20151210 - Nell Watson - Insistent.16b.mp3 */ = {isa = PBXFileReference; lastKnownFileType = audio.mp3; name = "20151210 - Nell Watson - Insistent.16b.mp3"; path = "Sounds/20151210 - Nell Watson - Insistent.16b.mp3"; sourceTree = "<group>"; };
		2D5EC9D81C26F034005C9E1A /* 20151210 - Nell Watson - Insistent.17.mp3 */ = {isa = PBXFileReference; lastKnownFileType = audio.mp3; name = "20151210 - Nell Watson - Insistent.17.mp3"; path = "Sounds/20151210 - Nell Watson - Insistent.17.mp3"; sourceTree = "<group>"; };
		2D5EC9D91C26F034005C9E1A /* 20151210 - Nell Watson - Insistent.18.mp3 */ = {isa = PBXFileReference; lastKnownFileType = audio.mp3; name = "20151210 - Nell Watson - Insistent.18.mp3"; path = "Sounds/20151210 - Nell Watson - Insistent.18.mp3"; sourceTree = "<group>"; };
		2D5EC9DA1C26F034005C9E1A /* 20151210 - Nell Watson - Insistent.18tuned.mp3 */ = {isa = PBXFileReference; lastKnownFileType = audio.mp3; name = "20151210 - Nell Watson - Insistent.18tuned.mp3"; path = "Sounds/20151210 - Nell Watson - Insistent.18tuned.mp3"; sourceTree = "<group>"; };
		2D5EC9DB1C26F034005C9E1A /* 20151210 - Nell Watson - Shy.01.mp3 */ = {isa = PBXFileReference; lastKnownFileType = audio.mp3; name = "20151210 - Nell Watson - Shy.01.mp3"; path = "Sounds/20151210 - Nell Watson - Shy.01.mp3"; sourceTree = "<group>"; };
		2D5EC9DC1C26F034005C9E1A /* 20151210 - Nell Watson - Shy.02.mp3 */ = {isa = PBXFileReference; lastKnownFileType = audio.mp3; name = "20151210 - Nell Watson - Shy.02.mp3"; path = "Sounds/20151210 - Nell Watson - Shy.02.mp3"; sourceTree = "<group>"; };
		2D5EC9DD1C26F034005C9E1A /* 20151210 - Nell Watson - Shy.04.mp3 */ = {isa = PBXFileReference; lastKnownFileType = audio.mp3; name = "20151210 - Nell Watson - Shy.04.mp3"; path = "Sounds/20151210 - Nell Watson - Shy.04.mp3"; sourceTree = "<group>"; };
		2D5EC9DE1C26F034005C9E1A /* 20151210 - Nell Watson - Shy.05.mp3 */ = {isa = PBXFileReference; lastKnownFileType = audio.mp3; name = "20151210 - Nell Watson - Shy.05.mp3"; path = "Sounds/20151210 - Nell Watson - Shy.05.mp3"; sourceTree = "<group>"; };
		2D5EC9DF1C26F034005C9E1A /* 20151210 - Nell Watson - Shy.06.mp3 */ = {isa = PBXFileReference; lastKnownFileType = audio.mp3; name = "20151210 - Nell Watson - Shy.06.mp3"; path = "Sounds/20151210 - Nell Watson - Shy.06.mp3"; sourceTree = "<group>"; };
		2D5EC9E01C26F034005C9E1A /* 20151210 - Nell Watson - Shy.07.mp3 */ = {isa = PBXFileReference; lastKnownFileType = audio.mp3; name = "20151210 - Nell Watson - Shy.07.mp3"; path = "Sounds/20151210 - Nell Watson - Shy.07.mp3"; sourceTree = "<group>"; };
		2D5EC9E11C26F034005C9E1A /* 20151210 - Nell Watson - Shy.08.mp3 */ = {isa = PBXFileReference; lastKnownFileType = audio.mp3; name = "20151210 - Nell Watson - Shy.08.mp3"; path = "Sounds/20151210 - Nell Watson - Shy.08.mp3"; sourceTree = "<group>"; };
		2D5EC9E21C26F034005C9E1A /* 20151210 - Nell Watson - Shy.09.mp3 */ = {isa = PBXFileReference; lastKnownFileType = audio.mp3; name = "20151210 - Nell Watson - Shy.09.mp3"; path = "Sounds/20151210 - Nell Watson - Shy.09.mp3"; sourceTree = "<group>"; };
		2D5EC9E31C26F034005C9E1A /* 20151210 - Nell Watson - Shy.10.mp3 */ = {isa = PBXFileReference; lastKnownFileType = audio.mp3; name = "20151210 - Nell Watson - Shy.10.mp3"; path = "Sounds/20151210 - Nell Watson - Shy.10.mp3"; sourceTree = "<group>"; };
		2D5EC9E41C26F034005C9E1A /* 20151210 - Nell Watson - Shy.11.mp3 */ = {isa = PBXFileReference; lastKnownFileType = audio.mp3; name = "20151210 - Nell Watson - Shy.11.mp3"; path = "Sounds/20151210 - Nell Watson - Shy.11.mp3"; sourceTree = "<group>"; };
		2D5EC9E51C26F034005C9E1A /* 20151210 - Nell Watson - Shy.12.mp3 */ = {isa = PBXFileReference; lastKnownFileType = audio.mp3; name = "20151210 - Nell Watson - Shy.12.mp3"; path = "Sounds/20151210 - Nell Watson - Shy.12.mp3"; sourceTree = "<group>"; };
		2D5EC9E61C26F034005C9E1A /* 20151210 - Nell Watson - Shy.13.mp3 */ = {isa = PBXFileReference; lastKnownFileType = audio.mp3; name = "20151210 - Nell Watson - Shy.13.mp3"; path = "Sounds/20151210 - Nell Watson - Shy.13.mp3"; sourceTree = "<group>"; };
		2D5EC9E71C26F034005C9E1A /* 20151210 - Nell Watson - Shy.14.mp3 */ = {isa = PBXFileReference; lastKnownFileType = audio.mp3; name = "20151210 - Nell Watson - Shy.14.mp3"; path = "Sounds/20151210 - Nell Watson - Shy.14.mp3"; sourceTree = "<group>"; };
		2D5EC9E81C26F034005C9E1A /* 20151210 - Nell Watson - Shy.15.mp3 */ = {isa = PBXFileReference; lastKnownFileType = audio.mp3; name = "20151210 - Nell Watson - Shy.15.mp3"; path = "Sounds/20151210 - Nell Watson - Shy.15.mp3"; sourceTree = "<group>"; };
		2D5EC9E91C26F034005C9E1A /* 20151210 - Nell Watson - Shy.16.mp3 */ = {isa = PBXFileReference; lastKnownFileType = audio.mp3; name = "20151210 - Nell Watson - Shy.16.mp3"; path = "Sounds/20151210 - Nell Watson - Shy.16.mp3"; sourceTree = "<group>"; };
		2D5EC9EA1C26F034005C9E1A /* 20151210 - Nell Watson - Shy.17.mp3 */ = {isa = PBXFileReference; lastKnownFileType = audio.mp3; name = "20151210 - Nell Watson - Shy.17.mp3"; path = "Sounds/20151210 - Nell Watson - Shy.17.mp3"; sourceTree = "<group>"; };
		2D5EC9EB1C26F034005C9E1A /* 20151210 - Nell Watson - Shy.18.mp3 */ = {isa = PBXFileReference; lastKnownFileType = audio.mp3; name = "20151210 - Nell Watson - Shy.18.mp3"; path = "Sounds/20151210 - Nell Watson - Shy.18.mp3"; sourceTree = "<group>"; };
		2D5EC9EC1C26F034005C9E1A /* 20151210 - Nell Watson - Shy.19.mp3 */ = {isa = PBXFileReference; lastKnownFileType = audio.mp3; name = "20151210 - Nell Watson - Shy.19.mp3"; path = "Sounds/20151210 - Nell Watson - Shy.19.mp3"; sourceTree = "<group>"; };
		2D5EC9ED1C26F034005C9E1A /* 20151210 - Nell Watson - Zombie.01.mp3 */ = {isa = PBXFileReference; lastKnownFileType = audio.mp3; name = "20151210 - Nell Watson - Zombie.01.mp3"; path = "Sounds/20151210 - Nell Watson - Zombie.01.mp3"; sourceTree = "<group>"; };
		2D5EC9EE1C26F034005C9E1A /* 20151210 - Nell Watson - Zombie.02.mp3 */ = {isa = PBXFileReference; lastKnownFileType = audio.mp3; name = "20151210 - Nell Watson - Zombie.02.mp3"; path = "Sounds/20151210 - Nell Watson - Zombie.02.mp3"; sourceTree = "<group>"; };
		2D5EC9EF1C26F034005C9E1A /* 20151210 - Nell Watson - Zombie.03.mp3 */ = {isa = PBXFileReference; lastKnownFileType = audio.mp3; name = "20151210 - Nell Watson - Zombie.03.mp3"; path = "Sounds/20151210 - Nell Watson - Zombie.03.mp3"; sourceTree = "<group>"; };
		2D5EC9F01C26F034005C9E1A /* 20151210 - Nell Watson - Zombie.04.mp3 */ = {isa = PBXFileReference; lastKnownFileType = audio.mp3; name = "20151210 - Nell Watson - Zombie.04.mp3"; path = "Sounds/20151210 - Nell Watson - Zombie.04.mp3"; sourceTree = "<group>"; };
		2D5EC9F11C26F034005C9E1A /* 20151210 - Nell Watson - Zombie.05.mp3 */ = {isa = PBXFileReference; lastKnownFileType = audio.mp3; name = "20151210 - Nell Watson - Zombie.05.mp3"; path = "Sounds/20151210 - Nell Watson - Zombie.05.mp3"; sourceTree = "<group>"; };
		2D5EC9F21C26F034005C9E1A /* 20151210 - Nell Watson - Zombie.06.mp3 */ = {isa = PBXFileReference; lastKnownFileType = audio.mp3; name = "20151210 - Nell Watson - Zombie.06.mp3"; path = "Sounds/20151210 - Nell Watson - Zombie.06.mp3"; sourceTree = "<group>"; };
		2D5EC9F31C26F034005C9E1A /* 20151210 - Nell Watson - Zombie.07.mp3 */ = {isa = PBXFileReference; lastKnownFileType = audio.mp3; name = "20151210 - Nell Watson - Zombie.07.mp3"; path = "Sounds/20151210 - Nell Watson - Zombie.07.mp3"; sourceTree = "<group>"; };
		2D5EC9F41C26F034005C9E1A /* 20151210 - Nell Watson - Zombie.08.mp3 */ = {isa = PBXFileReference; lastKnownFileType = audio.mp3; name = "20151210 - Nell Watson - Zombie.08.mp3"; path = "Sounds/20151210 - Nell Watson - Zombie.08.mp3"; sourceTree = "<group>"; };
		2D5EC9F51C26F034005C9E1A /* 20151210 - Nell Watson - Zombie.09.mp3 */ = {isa = PBXFileReference; lastKnownFileType = audio.mp3; name = "20151210 - Nell Watson - Zombie.09.mp3"; path = "Sounds/20151210 - Nell Watson - Zombie.09.mp3"; sourceTree = "<group>"; };
		2D5EC9F61C26F034005C9E1A /* 20151210 - Nell Watson - Zombie.10.mp3 */ = {isa = PBXFileReference; lastKnownFileType = audio.mp3; name = "20151210 - Nell Watson - Zombie.10.mp3"; path = "Sounds/20151210 - Nell Watson - Zombie.10.mp3"; sourceTree = "<group>"; };
		2D5EC9F71C26F034005C9E1A /* 20151210 - Nell Watson - Zombie.11.mp3 */ = {isa = PBXFileReference; lastKnownFileType = audio.mp3; name = "20151210 - Nell Watson - Zombie.11.mp3"; path = "Sounds/20151210 - Nell Watson - Zombie.11.mp3"; sourceTree = "<group>"; };
		2D5EC9F81C26F034005C9E1A /* 20151210 - Nell Watson - Zombie.12.mp3 */ = {isa = PBXFileReference; lastKnownFileType = audio.mp3; name = "20151210 - Nell Watson - Zombie.12.mp3"; path = "Sounds/20151210 - Nell Watson - Zombie.12.mp3"; sourceTree = "<group>"; };
		2D5EC9F91C26F034005C9E1A /* 20151210 - Nell Watson - Zombie.13.mp3 */ = {isa = PBXFileReference; lastKnownFileType = audio.mp3; name = "20151210 - Nell Watson - Zombie.13.mp3"; path = "Sounds/20151210 - Nell Watson - Zombie.13.mp3"; sourceTree = "<group>"; };
		2D5EC9FA1C26F034005C9E1A /* 20151210 - Nell Watson - Zombie.14.mp3 */ = {isa = PBXFileReference; lastKnownFileType = audio.mp3; name = "20151210 - Nell Watson - Zombie.14.mp3"; path = "Sounds/20151210 - Nell Watson - Zombie.14.mp3"; sourceTree = "<group>"; };
		2D5EC9FB1C26F034005C9E1A /* 20151210 - Nell Watson - Zombie.15.mp3 */ = {isa = PBXFileReference; lastKnownFileType = audio.mp3; name = "20151210 - Nell Watson - Zombie.15.mp3"; path = "Sounds/20151210 - Nell Watson - Zombie.15.mp3"; sourceTree = "<group>"; };
		2D5EC9FC1C26F034005C9E1A /* 20151210 - Nell Watson - Zombie.16.mp3 */ = {isa = PBXFileReference; lastKnownFileType = audio.mp3; name = "20151210 - Nell Watson - Zombie.16.mp3"; path = "Sounds/20151210 - Nell Watson - Zombie.16.mp3"; sourceTree = "<group>"; };
		2D5EC9FD1C26F034005C9E1A /* 20151210 - Nell Watson - Zombie.17.mp3 */ = {isa = PBXFileReference; lastKnownFileType = audio.mp3; name = "20151210 - Nell Watson - Zombie.17.mp3"; path = "Sounds/20151210 - Nell Watson - Zombie.17.mp3"; sourceTree = "<group>"; };
		2D5EC9FE1C26F034005C9E1A /* 20151210 - Nell Watson - Zombie.18.mp3 */ = {isa = PBXFileReference; lastKnownFileType = audio.mp3; name = "20151210 - Nell Watson - Zombie.18.mp3"; path = "Sounds/20151210 - Nell Watson - Zombie.18.mp3"; sourceTree = "<group>"; };
		2D5EC9FF1C26F034005C9E1A /* 20151210 - Nell Watson - Zombie.19.mp3 */ = {isa = PBXFileReference; lastKnownFileType = audio.mp3; name = "20151210 - Nell Watson - Zombie.19.mp3"; path = "Sounds/20151210 - Nell Watson - Zombie.19.mp3"; sourceTree = "<group>"; };
		2D5ECA001C26F034005C9E1A /* 20151210 - Nell Watson - Zombie.20.mp3 */ = {isa = PBXFileReference; lastKnownFileType = audio.mp3; name = "20151210 - Nell Watson - Zombie.20.mp3"; path = "Sounds/20151210 - Nell Watson - Zombie.20.mp3"; sourceTree = "<group>"; };
		2D5ECA011C26F034005C9E1A /* 20151210 - Nell Watson - Zombie.21.mp3 */ = {isa = PBXFileReference; lastKnownFileType = audio.mp3; name = "20151210 - Nell Watson - Zombie.21.mp3"; path = "Sounds/20151210 - Nell Watson - Zombie.21.mp3"; sourceTree = "<group>"; };
		2D5ECA021C26F034005C9E1A /* 20151210 - Nell Watson - Zombie.22.mp3 */ = {isa = PBXFileReference; lastKnownFileType = audio.mp3; name = "20151210 - Nell Watson - Zombie.22.mp3"; path = "Sounds/20151210 - Nell Watson - Zombie.22.mp3"; sourceTree = "<group>"; };
		2D5ECA031C26F034005C9E1A /* 20151210 - Nell Watson - Zombie.23.mp3 */ = {isa = PBXFileReference; lastKnownFileType = audio.mp3; name = "20151210 - Nell Watson - Zombie.23.mp3"; path = "Sounds/20151210 - Nell Watson - Zombie.23.mp3"; sourceTree = "<group>"; };
		2D5ECA041C26F034005C9E1A /* 20151210 - Nell Watson - Zombie.24.mp3 */ = {isa = PBXFileReference; lastKnownFileType = audio.mp3; name = "20151210 - Nell Watson - Zombie.24.mp3"; path = "Sounds/20151210 - Nell Watson - Zombie.24.mp3"; sourceTree = "<group>"; };
		2D5ECA051C26F034005C9E1A /* 20151210 - Nell Watson - Zombie.25.mp3 */ = {isa = PBXFileReference; lastKnownFileType = audio.mp3; name = "20151210 - Nell Watson - Zombie.25.mp3"; path = "Sounds/20151210 - Nell Watson - Zombie.25.mp3"; sourceTree = "<group>"; };
		2D5ECA061C26F034005C9E1A /* 20151210 - Nell Watson - Zombie.26.mp3 */ = {isa = PBXFileReference; lastKnownFileType = audio.mp3; name = "20151210 - Nell Watson - Zombie.26.mp3"; path = "Sounds/20151210 - Nell Watson - Zombie.26.mp3"; sourceTree = "<group>"; };
		2D5ECA071C26F034005C9E1A /* 20151210 - Nell Watson - Zombie.27.mp3 */ = {isa = PBXFileReference; lastKnownFileType = audio.mp3; name = "20151210 - Nell Watson - Zombie.27.mp3"; path = "Sounds/20151210 - Nell Watson - Zombie.27.mp3"; sourceTree = "<group>"; };
		2D5ECA081C26F034005C9E1A /* 20151210 - Nell Watson - Zombie.28.mp3 */ = {isa = PBXFileReference; lastKnownFileType = audio.mp3; name = "20151210 - Nell Watson - Zombie.28.mp3"; path = "Sounds/20151210 - Nell Watson - Zombie.28.mp3"; sourceTree = "<group>"; };
		2D5ECA091C26F034005C9E1A /* 20151210 - Nell Watson - Zombie.29.mp3 */ = {isa = PBXFileReference; lastKnownFileType = audio.mp3; name = "20151210 - Nell Watson - Zombie.29.mp3"; path = "Sounds/20151210 - Nell Watson - Zombie.29.mp3"; sourceTree = "<group>"; };
		2D5ECA0A1C26F034005C9E1A /* 20151210 - Nell Watson - Zombie.30.mp3 */ = {isa = PBXFileReference; lastKnownFileType = audio.mp3; name = "20151210 - Nell Watson - Zombie.30.mp3"; path = "Sounds/20151210 - Nell Watson - Zombie.30.mp3"; sourceTree = "<group>"; };
		2D5ECA0B1C26F034005C9E1A /* 20151210 - Nell Watson - Zombie.31.mp3 */ = {isa = PBXFileReference; lastKnownFileType = audio.mp3; name = "20151210 - Nell Watson - Zombie.31.mp3"; path = "Sounds/20151210 - Nell Watson - Zombie.31.mp3"; sourceTree = "<group>"; };
		2D5ECA0C1C26F034005C9E1A /* 20151210 - Nell Watson - Zombie.32.mp3 */ = {isa = PBXFileReference; lastKnownFileType = audio.mp3; name = "20151210 - Nell Watson - Zombie.32.mp3"; path = "Sounds/20151210 - Nell Watson - Zombie.32.mp3"; sourceTree = "<group>"; };
		2D5ECA0D1C26F034005C9E1A /* 20151210 - Nell Watson - Zombie.33.mp3 */ = {isa = PBXFileReference; lastKnownFileType = audio.mp3; name = "20151210 - Nell Watson - Zombie.33.mp3"; path = "Sounds/20151210 - Nell Watson - Zombie.33.mp3"; sourceTree = "<group>"; };
		2D5ECA0E1C26F034005C9E1A /* 20151210 - Nell Watson - Zombie.34.mp3 */ = {isa = PBXFileReference; lastKnownFileType = audio.mp3; name = "20151210 - Nell Watson - Zombie.34.mp3"; path = "Sounds/20151210 - Nell Watson - Zombie.34.mp3"; sourceTree = "<group>"; };
		2D5ECA0F1C26F034005C9E1A /* 20151210 - Nell Watson - Zombie.35.mp3 */ = {isa = PBXFileReference; lastKnownFileType = audio.mp3; name = "20151210 - Nell Watson - Zombie.35.mp3"; path = "Sounds/20151210 - Nell Watson - Zombie.35.mp3"; sourceTree = "<group>"; };
		2D5ECA101C26F034005C9E1A /* 20151210 - Nell Watson - Zombie.36.mp3 */ = {isa = PBXFileReference; lastKnownFileType = audio.mp3; name = "20151210 - Nell Watson - Zombie.36.mp3"; path = "Sounds/20151210 - Nell Watson - Zombie.36.mp3"; sourceTree = "<group>"; };
		2D5ECA111C26F034005C9E1A /* 20151210 - Nell Watson - Zombie.37.mp3 */ = {isa = PBXFileReference; lastKnownFileType = audio.mp3; name = "20151210 - Nell Watson - Zombie.37.mp3"; path = "Sounds/20151210 - Nell Watson - Zombie.37.mp3"; sourceTree = "<group>"; };
		2D5ECA121C26F034005C9E1A /* 20151210 - Nell Watson - Zombie.38.mp3 */ = {isa = PBXFileReference; lastKnownFileType = audio.mp3; name = "20151210 - Nell Watson - Zombie.38.mp3"; path = "Sounds/20151210 - Nell Watson - Zombie.38.mp3"; sourceTree = "<group>"; };
		2D5ECA131C26F034005C9E1A /* 20151210 - Nell Watson - Zombie.39.mp3 */ = {isa = PBXFileReference; lastKnownFileType = audio.mp3; name = "20151210 - Nell Watson - Zombie.39.mp3"; path = "Sounds/20151210 - Nell Watson - Zombie.39.mp3"; sourceTree = "<group>"; };
		2D5ECA141C26F034005C9E1A /* 20151210 - Nell Watson - Zombie.40.mp3 */ = {isa = PBXFileReference; lastKnownFileType = audio.mp3; name = "20151210 - Nell Watson - Zombie.40.mp3"; path = "Sounds/20151210 - Nell Watson - Zombie.40.mp3"; sourceTree = "<group>"; };
		2D5ECA151C26F034005C9E1A /* 20151210 - Nell Watson - Zombie.41.mp3 */ = {isa = PBXFileReference; lastKnownFileType = audio.mp3; name = "20151210 - Nell Watson - Zombie.41.mp3"; path = "Sounds/20151210 - Nell Watson - Zombie.41.mp3"; sourceTree = "<group>"; };
		2D5ECA161C26F034005C9E1A /* 20151210 - Nell Watson - Zombie.42.mp3 */ = {isa = PBXFileReference; lastKnownFileType = audio.mp3; name = "20151210 - Nell Watson - Zombie.42.mp3"; path = "Sounds/20151210 - Nell Watson - Zombie.42.mp3"; sourceTree = "<group>"; };
		2D5ECA171C26F034005C9E1A /* 20151210 - Nell Watson - Zombie.43.mp3 */ = {isa = PBXFileReference; lastKnownFileType = audio.mp3; name = "20151210 - Nell Watson - Zombie.43.mp3"; path = "Sounds/20151210 - Nell Watson - Zombie.43.mp3"; sourceTree = "<group>"; };
		2D5ECA181C26F034005C9E1A /* 20151210 - Nell Watson - Zombie.44.mp3 */ = {isa = PBXFileReference; lastKnownFileType = audio.mp3; name = "20151210 - Nell Watson - Zombie.44.mp3"; path = "Sounds/20151210 - Nell Watson - Zombie.44.mp3"; sourceTree = "<group>"; };
		2D5ECA191C26F034005C9E1A /* 20151210 - Nell Watson - Zombie.45.mp3 */ = {isa = PBXFileReference; lastKnownFileType = audio.mp3; name = "20151210 - Nell Watson - Zombie.45.mp3"; path = "Sounds/20151210 - Nell Watson - Zombie.45.mp3"; sourceTree = "<group>"; };
		2D5ECA1A1C26F034005C9E1A /* 20151210 - Nell Watson - Zombie.46.mp3 */ = {isa = PBXFileReference; lastKnownFileType = audio.mp3; name = "20151210 - Nell Watson - Zombie.46.mp3"; path = "Sounds/20151210 - Nell Watson - Zombie.46.mp3"; sourceTree = "<group>"; };
		2D5ECA1B1C26F034005C9E1A /* 20151210 - Nell Watson - Zombie.47.mp3 */ = {isa = PBXFileReference; lastKnownFileType = audio.mp3; name = "20151210 - Nell Watson - Zombie.47.mp3"; path = "Sounds/20151210 - Nell Watson - Zombie.47.mp3"; sourceTree = "<group>"; };
		2D5ECA1C1C26F034005C9E1A /* 20151210 - Nell Watson - Zombie.48.mp3 */ = {isa = PBXFileReference; lastKnownFileType = audio.mp3; name = "20151210 - Nell Watson - Zombie.48.mp3"; path = "Sounds/20151210 - Nell Watson - Zombie.48.mp3"; sourceTree = "<group>"; };
		2D5ECA1D1C26F034005C9E1A /* 20151210 - Nell Watson - Zombie.49.mp3 */ = {isa = PBXFileReference; lastKnownFileType = audio.mp3; name = "20151210 - Nell Watson - Zombie.49.mp3"; path = "Sounds/20151210 - Nell Watson - Zombie.49.mp3"; sourceTree = "<group>"; };
		2D5ECA1E1C26F034005C9E1A /* 20151210 - Nell Watson - Zombie.50.mp3 */ = {isa = PBXFileReference; lastKnownFileType = audio.mp3; name = "20151210 - Nell Watson - Zombie.50.mp3"; path = "Sounds/20151210 - Nell Watson - Zombie.50.mp3"; sourceTree = "<group>"; };
		2D5ECA1F1C26F034005C9E1A /* 20151210 - Nell Watson - Zombie.51.mp3 */ = {isa = PBXFileReference; lastKnownFileType = audio.mp3; name = "20151210 - Nell Watson - Zombie.51.mp3"; path = "Sounds/20151210 - Nell Watson - Zombie.51.mp3"; sourceTree = "<group>"; };
		2D5ECA201C26F034005C9E1A /* 20151210 - Nell Watson - Zombie.52.mp3 */ = {isa = PBXFileReference; lastKnownFileType = audio.mp3; name = "20151210 - Nell Watson - Zombie.52.mp3"; path = "Sounds/20151210 - Nell Watson - Zombie.52.mp3"; sourceTree = "<group>"; };
		2D5ECA211C26F034005C9E1A /* 20151210 - Nell Watson - Zombie.53.mp3 */ = {isa = PBXFileReference; lastKnownFileType = audio.mp3; name = "20151210 - Nell Watson - Zombie.53.mp3"; path = "Sounds/20151210 - Nell Watson - Zombie.53.mp3"; sourceTree = "<group>"; };
		2D5ECA221C26F034005C9E1A /* 20151210 - Nell Watson - Zombie.54.mp3 */ = {isa = PBXFileReference; lastKnownFileType = audio.mp3; name = "20151210 - Nell Watson - Zombie.54.mp3"; path = "Sounds/20151210 - Nell Watson - Zombie.54.mp3"; sourceTree = "<group>"; };
		2D6082C01BC669EB00FFF44C /* AboutViewController.swift */ = {isa = PBXFileReference; fileEncoding = 4; lastKnownFileType = sourcecode.swift; path = AboutViewController.swift; sourceTree = "<group>"; };
		2D9B85321B83678F002795F8 /* Beddy_ButlerAudioTests.swift */ = {isa = PBXFileReference; fileEncoding = 4; lastKnownFileType = sourcecode.swift; path = Beddy_ButlerAudioTests.swift; sourceTree = "<group>"; };
		2D9B85351B836944002795F8 /* AudioPlayer.swift */ = {isa = PBXFileReference; fileEncoding = 4; lastKnownFileType = sourcecode.swift; path = AudioPlayer.swift; sourceTree = "<group>"; };
		2DA6062B1BDA2ADD0042F859 /* LoginItems.swift */ = {isa = PBXFileReference; fileEncoding = 4; lastKnownFileType = sourcecode.swift; path = LoginItems.swift; sourceTree = "<group>"; };
		2DAF9DE81BBD57B20021FD0D /* SliderKeys.swift */ = {isa = PBXFileReference; fileEncoding = 4; lastKnownFileType = sourcecode.swift; path = SliderKeys.swift; sourceTree = "<group>"; };
		2DC766F91B78D25F00866072 /* Beddy Butler.app */ = {isa = PBXFileReference; explicitFileType = wrapper.application; includeInIndex = 0; path = "Beddy Butler.app"; sourceTree = BUILT_PRODUCTS_DIR; };
		2DC766FD1B78D25F00866072 /* Info.plist */ = {isa = PBXFileReference; lastKnownFileType = text.plist.xml; path = Info.plist; sourceTree = "<group>"; };
		2DC766FE1B78D25F00866072 /* AppDelegate.swift */ = {isa = PBXFileReference; lastKnownFileType = sourcecode.swift; path = AppDelegate.swift; sourceTree = "<group>"; };
		2DC767001B78D25F00866072 /* PreferencesViewController.swift */ = {isa = PBXFileReference; lastKnownFileType = sourcecode.swift; path = PreferencesViewController.swift; sourceTree = "<group>"; };
		2DC767021B78D25F00866072 /* Images.xcassets */ = {isa = PBXFileReference; lastKnownFileType = folder.assetcatalog; path = Images.xcassets; sourceTree = "<group>"; };
		2DC767051B78D25F00866072 /* Base */ = {isa = PBXFileReference; lastKnownFileType = file.storyboard; name = Base; path = Base.lproj/Main.storyboard; sourceTree = "<group>"; };
		2DC7670B1B78D25F00866072 /* Beddy ButlerTests.xctest */ = {isa = PBXFileReference; explicitFileType = wrapper.cfbundle; includeInIndex = 0; path = "Beddy ButlerTests.xctest"; sourceTree = BUILT_PRODUCTS_DIR; };
		2DC767101B78D25F00866072 /* Info.plist */ = {isa = PBXFileReference; lastKnownFileType = text.plist.xml; path = Info.plist; sourceTree = "<group>"; };
		2DC767111B78D25F00866072 /* Beddy_ButlerSliderTests.swift */ = {isa = PBXFileReference; lastKnownFileType = sourcecode.swift; path = Beddy_ButlerSliderTests.swift; sourceTree = "<group>"; };
		2DCCAA211BD76EED00F96405 /* Beddy_ButlerLoginTests.swift */ = {isa = PBXFileReference; fileEncoding = 4; lastKnownFileType = sourcecode.swift; path = Beddy_ButlerLoginTests.swift; sourceTree = "<group>"; };
		2DD2B24B1B91E26B006318E8 /* RandomnessFormatter.swift */ = {isa = PBXFileReference; fileEncoding = 4; lastKnownFileType = sourcecode.swift; path = RandomnessFormatter.swift; sourceTree = "<group>"; };
		2DD2B24D1B91F6D1006318E8 /* FrequencySlider.swift */ = {isa = PBXFileReference; fileEncoding = 4; lastKnownFileType = sourcecode.swift; path = FrequencySlider.swift; sourceTree = "<group>"; };
		2DD3490E1BAEC1B30097D9E5 /* Beddy Butler.entitlements */ = {isa = PBXFileReference; lastKnownFileType = text.xml; path = "Beddy Butler.entitlements"; sourceTree = "<group>"; };
/* End PBXFileReference section */

/* Begin PBXFrameworksBuildPhase section */
		2DC766F61B78D25F00866072 /* Frameworks */ = {
			isa = PBXFrameworksBuildPhase;
			buildActionMask = 2147483647;
			files = (
			);
			runOnlyForDeploymentPostprocessing = 0;
		};
		2DC767081B78D25F00866072 /* Frameworks */ = {
			isa = PBXFrameworksBuildPhase;
			buildActionMask = 2147483647;
			files = (
			);
			runOnlyForDeploymentPostprocessing = 0;
		};
/* End PBXFrameworksBuildPhase section */

/* Begin PBXGroup section */
		2D32ADB61B7FB9EE00E03480 /* Assets */ = {
			isa = PBXGroup;
			children = (
				2D5EC9C81C26F034005C9E1A /* 20151210 - Nell Watson - Insistent.01.mp3 */,
				2D5EC9C91C26F034005C9E1A /* 20151210 - Nell Watson - Insistent.02.mp3 */,
				2D5EC9CA1C26F034005C9E1A /* 20151210 - Nell Watson - Insistent.03.mp3 */,
				2D5EC9CB1C26F034005C9E1A /* 20151210 - Nell Watson - Insistent.04.mp3 */,
				2D5EC9CC1C26F034005C9E1A /* 20151210 - Nell Watson - Insistent.05.mp3 */,
				2D5EC9CD1C26F034005C9E1A /* 20151210 - Nell Watson - Insistent.06.mp3 */,
				2D5EC9CE1C26F034005C9E1A /* 20151210 - Nell Watson - Insistent.07.mp3 */,
				2D5EC9CF1C26F034005C9E1A /* 20151210 - Nell Watson - Insistent.08.mp3 */,
				2D5EC9D01C26F034005C9E1A /* 20151210 - Nell Watson - Insistent.09.mp3 */,
				2D5EC9D11C26F034005C9E1A /* 20151210 - Nell Watson - Insistent.10.mp3 */,
				2D5EC9D21C26F034005C9E1A /* 20151210 - Nell Watson - Insistent.11.mp3 */,
				2D5EC9D31C26F034005C9E1A /* 20151210 - Nell Watson - Insistent.12.mp3 */,
				2D5EC9D41C26F034005C9E1A /* 20151210 - Nell Watson - Insistent.13.mp3 */,
				2D5EC9D51C26F034005C9E1A /* 20151210 - Nell Watson - Insistent.14.mp3 */,
				2D5EC9D61C26F034005C9E1A /* 20151210 - Nell Watson - Insistent.15.mp3 */,
				2D5EC9D71C26F034005C9E1A /* 20151210 - Nell Watson - Insistent.16b.mp3 */,
				2D5EC9D81C26F034005C9E1A /* 20151210 - Nell Watson - Insistent.17.mp3 */,
				2D5EC9D91C26F034005C9E1A /* 20151210 - Nell Watson - Insistent.18.mp3 */,
				2D5EC9DA1C26F034005C9E1A /* 20151210 - Nell Watson - Insistent.18tuned.mp3 */,
				2D5EC9DB1C26F034005C9E1A /* 20151210 - Nell Watson - Shy.01.mp3 */,
				2D5EC9DC1C26F034005C9E1A /* 20151210 - Nell Watson - Shy.02.mp3 */,
				2D5EC9DD1C26F034005C9E1A /* 20151210 - Nell Watson - Shy.04.mp3 */,
				2D5EC9DE1C26F034005C9E1A /* 20151210 - Nell Watson - Shy.05.mp3 */,
				2D5EC9DF1C26F034005C9E1A /* 20151210 - Nell Watson - Shy.06.mp3 */,
				2D5EC9E01C26F034005C9E1A /* 20151210 - Nell Watson - Shy.07.mp3 */,
				2D5EC9E11C26F034005C9E1A /* 20151210 - Nell Watson - Shy.08.mp3 */,
				2D5EC9E21C26F034005C9E1A /* 20151210 - Nell Watson - Shy.09.mp3 */,
				2D5EC9E31C26F034005C9E1A /* 20151210 - Nell Watson - Shy.10.mp3 */,
				2D5EC9E41C26F034005C9E1A /* 20151210 - Nell Watson - Shy.11.mp3 */,
				2D5EC9E51C26F034005C9E1A /* 20151210 - Nell Watson - Shy.12.mp3 */,
				2D5EC9E61C26F034005C9E1A /* 20151210 - Nell Watson - Shy.13.mp3 */,
				2D5EC9E71C26F034005C9E1A /* 20151210 - Nell Watson - Shy.14.mp3 */,
				2D5EC9E81C26F034005C9E1A /* 20151210 - Nell Watson - Shy.15.mp3 */,
				2D5EC9E91C26F034005C9E1A /* 20151210 - Nell Watson - Shy.16.mp3 */,
				2D5EC9EA1C26F034005C9E1A /* 20151210 - Nell Watson - Shy.17.mp3 */,
				2D5EC9EB1C26F034005C9E1A /* 20151210 - Nell Watson - Shy.18.mp3 */,
				2D5EC9EC1C26F034005C9E1A /* 20151210 - Nell Watson - Shy.19.mp3 */,
				2D5EC9ED1C26F034005C9E1A /* 20151210 - Nell Watson - Zombie.01.mp3 */,
				2D5EC9EE1C26F034005C9E1A /* 20151210 - Nell Watson - Zombie.02.mp3 */,
				2D5EC9EF1C26F034005C9E1A /* 20151210 - Nell Watson - Zombie.03.mp3 */,
				2D5EC9F01C26F034005C9E1A /* 20151210 - Nell Watson - Zombie.04.mp3 */,
				2D5EC9F11C26F034005C9E1A /* 20151210 - Nell Watson - Zombie.05.mp3 */,
				2D5EC9F21C26F034005C9E1A /* 20151210 - Nell Watson - Zombie.06.mp3 */,
				2D5EC9F31C26F034005C9E1A /* 20151210 - Nell Watson - Zombie.07.mp3 */,
				2D5EC9F41C26F034005C9E1A /* 20151210 - Nell Watson - Zombie.08.mp3 */,
				2D5EC9F51C26F034005C9E1A /* 20151210 - Nell Watson - Zombie.09.mp3 */,
				2D5EC9F61C26F034005C9E1A /* 20151210 - Nell Watson - Zombie.10.mp3 */,
				2D5EC9F71C26F034005C9E1A /* 20151210 - Nell Watson - Zombie.11.mp3 */,
				2D5EC9F81C26F034005C9E1A /* 20151210 - Nell Watson - Zombie.12.mp3 */,
				2D5EC9F91C26F034005C9E1A /* 20151210 - Nell Watson - Zombie.13.mp3 */,
				2D5EC9FA1C26F034005C9E1A /* 20151210 - Nell Watson - Zombie.14.mp3 */,
				2D5EC9FB1C26F034005C9E1A /* 20151210 - Nell Watson - Zombie.15.mp3 */,
				2D5EC9FC1C26F034005C9E1A /* 20151210 - Nell Watson - Zombie.16.mp3 */,
				2D5EC9FD1C26F034005C9E1A /* 20151210 - Nell Watson - Zombie.17.mp3 */,
				2D5EC9FE1C26F034005C9E1A /* 20151210 - Nell Watson - Zombie.18.mp3 */,
				2D5EC9FF1C26F034005C9E1A /* 20151210 - Nell Watson - Zombie.19.mp3 */,
				2D5ECA001C26F034005C9E1A /* 20151210 - Nell Watson - Zombie.20.mp3 */,
				2D5ECA011C26F034005C9E1A /* 20151210 - Nell Watson - Zombie.21.mp3 */,
				2D5ECA021C26F034005C9E1A /* 20151210 - Nell Watson - Zombie.22.mp3 */,
				2D5ECA031C26F034005C9E1A /* 20151210 - Nell Watson - Zombie.23.mp3 */,
				2D5ECA041C26F034005C9E1A /* 20151210 - Nell Watson - Zombie.24.mp3 */,
				2D5ECA051C26F034005C9E1A /* 20151210 - Nell Watson - Zombie.25.mp3 */,
				2D5ECA061C26F034005C9E1A /* 20151210 - Nell Watson - Zombie.26.mp3 */,
				2D5ECA071C26F034005C9E1A /* 20151210 - Nell Watson - Zombie.27.mp3 */,
				2D5ECA081C26F034005C9E1A /* 20151210 - Nell Watson - Zombie.28.mp3 */,
				2D5ECA091C26F034005C9E1A /* 20151210 - Nell Watson - Zombie.29.mp3 */,
				2D5ECA0A1C26F034005C9E1A /* 20151210 - Nell Watson - Zombie.30.mp3 */,
				2D5ECA0B1C26F034005C9E1A /* 20151210 - Nell Watson - Zombie.31.mp3 */,
				2D5ECA0C1C26F034005C9E1A /* 20151210 - Nell Watson - Zombie.32.mp3 */,
				2D5ECA0D1C26F034005C9E1A /* 20151210 - Nell Watson - Zombie.33.mp3 */,
				2D5ECA0E1C26F034005C9E1A /* 20151210 - Nell Watson - Zombie.34.mp3 */,
				2D5ECA0F1C26F034005C9E1A /* 20151210 - Nell Watson - Zombie.35.mp3 */,
				2D5ECA101C26F034005C9E1A /* 20151210 - Nell Watson - Zombie.36.mp3 */,
				2D5ECA111C26F034005C9E1A /* 20151210 - Nell Watson - Zombie.37.mp3 */,
				2D5ECA121C26F034005C9E1A /* 20151210 - Nell Watson - Zombie.38.mp3 */,
				2D5ECA131C26F034005C9E1A /* 20151210 - Nell Watson - Zombie.39.mp3 */,
				2D5ECA141C26F034005C9E1A /* 20151210 - Nell Watson - Zombie.40.mp3 */,
				2D5ECA151C26F034005C9E1A /* 20151210 - Nell Watson - Zombie.41.mp3 */,
				2D5ECA161C26F034005C9E1A /* 20151210 - Nell Watson - Zombie.42.mp3 */,
				2D5ECA171C26F034005C9E1A /* 20151210 - Nell Watson - Zombie.43.mp3 */,
				2D5ECA181C26F034005C9E1A /* 20151210 - Nell Watson - Zombie.44.mp3 */,
				2D5ECA191C26F034005C9E1A /* 20151210 - Nell Watson - Zombie.45.mp3 */,
				2D5ECA1A1C26F034005C9E1A /* 20151210 - Nell Watson - Zombie.46.mp3 */,
				2D5ECA1B1C26F034005C9E1A /* 20151210 - Nell Watson - Zombie.47.mp3 */,
				2D5ECA1C1C26F034005C9E1A /* 20151210 - Nell Watson - Zombie.48.mp3 */,
				2D5ECA1D1C26F034005C9E1A /* 20151210 - Nell Watson - Zombie.49.mp3 */,
				2D5ECA1E1C26F034005C9E1A /* 20151210 - Nell Watson - Zombie.50.mp3 */,
				2D5ECA1F1C26F034005C9E1A /* 20151210 - Nell Watson - Zombie.51.mp3 */,
				2D5ECA201C26F034005C9E1A /* 20151210 - Nell Watson - Zombie.52.mp3 */,
				2D5ECA211C26F034005C9E1A /* 20151210 - Nell Watson - Zombie.53.mp3 */,
				2D5ECA221C26F034005C9E1A /* 20151210 - Nell Watson - Zombie.54.mp3 */,
			);
			name = Assets;
			sourceTree = "<group>";
		};
		2D45EB7F1BB7F5AA00FCEAC2 /* Archived Classes */ = {
			isa = PBXGroup;
			children = (
				2D076B6E1BA57F5B0052047C /* DoubleSliderView.swift */,
				2D28669D1BA994CB00E2B35F /* DoubleSliderCellView.swift */,
			);
			name = "Archived Classes";
			path = ..;
			sourceTree = "<group>";
		};
		2D9B85341B83691E002795F8 /* Models */ = {
			isa = PBXGroup;
			children = (
				2D9B85351B836944002795F8 /* AudioPlayer.swift */,
				2D20F5B71B84CF3F00FE7EFC /* ButlerTimer.swift */,
				2D45EB811BB7F61F00FCEAC2 /* SliderHandle.swift */,
				2D4B84841B87230F00735187 /* UserDefaultKeys.swift */,
				2D2D56F11B9CD68C00705495 /* NotificationKeys.swift */,
				2DAF9DE81BBD57B20021FD0D /* SliderKeys.swift */,
				2DA6062B1BDA2ADD0042F859 /* LoginItems.swift */,
			);
			name = Models;
			sourceTree = "<group>";
		};
		2DC766F01B78D25F00866072 = {
			isa = PBXGroup;
			children = (
				2DC766FB1B78D25F00866072 /* Beddy Butler */,
				2DC7670E1B78D25F00866072 /* Beddy ButlerTests */,
				2DC766FA1B78D25F00866072 /* Products */,
			);
			sourceTree = "<group>";
		};
		2DC766FA1B78D25F00866072 /* Products */ = {
			isa = PBXGroup;
			children = (
				2DC766F91B78D25F00866072 /* Beddy Butler.app */,
				2DC7670B1B78D25F00866072 /* Beddy ButlerTests.xctest */,
			);
			name = Products;
			sourceTree = "<group>";
		};
		2DC766FB1B78D25F00866072 /* Beddy Butler */ = {
			isa = PBXGroup;
			children = (
				2DD3490E1BAEC1B30097D9E5 /* Beddy Butler.entitlements */,
				2DC766FE1B78D25F00866072 /* AppDelegate.swift */,
				2DC767041B78D25F00866072 /* Main.storyboard */,
				2DC7671C1B78D38600866072 /* Controllers */,
				2D9B85341B83691E002795F8 /* Models */,
				2DC7671B1B78D37A00866072 /* Views */,
				2DC767021B78D25F00866072 /* Images.xcassets */,
				2D45EB7F1BB7F5AA00FCEAC2 /* Archived Classes */,
				2D32ADB61B7FB9EE00E03480 /* Assets */,
				2DC766FC1B78D25F00866072 /* Supporting Files */,
			);
			path = "Beddy Butler";
			sourceTree = "<group>";
		};
		2DC766FC1B78D25F00866072 /* Supporting Files */ = {
			isa = PBXGroup;
			children = (
				2DC766FD1B78D25F00866072 /* Info.plist */,
			);
			name = "Supporting Files";
			sourceTree = "<group>";
		};
		2DC7670E1B78D25F00866072 /* Beddy ButlerTests */ = {
			isa = PBXGroup;
			children = (
				2D5AD2181B87597A008953B1 /* Beddy_ButlerTimerTests.swift */,
				2D30884A1B83878E0015E1A0 /* Betty_ButlerUserDefaultsTests.swift */,
				2DC767111B78D25F00866072 /* Beddy_ButlerSliderTests.swift */,
				2D9B85321B83678F002795F8 /* Beddy_ButlerAudioTests.swift */,
				2DCCAA211BD76EED00F96405 /* Beddy_ButlerLoginTests.swift */,
				2DC7670F1B78D25F00866072 /* Supporting Files */,
			);
			path = "Beddy ButlerTests";
			sourceTree = "<group>";
		};
		2DC7670F1B78D25F00866072 /* Supporting Files */ = {
			isa = PBXGroup;
			children = (
				2DC767101B78D25F00866072 /* Info.plist */,
			);
			name = "Supporting Files";
			sourceTree = "<group>";
		};
		2DC7671B1B78D37A00866072 /* Views */ = {
			isa = PBXGroup;
			children = (
				2D45EB801BB7F61F00FCEAC2 /* DoubleSliderHandler.swift */,
				2DD2B24D1B91F6D1006318E8 /* FrequencySlider.swift */,
				2DD2B24B1B91E26B006318E8 /* RandomnessFormatter.swift */,
			);
			name = Views;
			sourceTree = "<group>";
		};
		2DC7671C1B78D38600866072 /* Controllers */ = {
			isa = PBXGroup;
			children = (
				2DC767001B78D25F00866072 /* PreferencesViewController.swift */,
				2D6082C01BC669EB00FFF44C /* AboutViewController.swift */,
			);
			name = Controllers;
			sourceTree = "<group>";
		};
/* End PBXGroup section */

/* Begin PBXNativeTarget section */
		2DC766F81B78D25F00866072 /* Beddy Butler */ = {
			isa = PBXNativeTarget;
			buildConfigurationList = 2DC767151B78D25F00866072 /* Build configuration list for PBXNativeTarget "Beddy Butler" */;
			buildPhases = (
				2DC766F51B78D25F00866072 /* Sources */,
				2DC766F61B78D25F00866072 /* Frameworks */,
				2D6082BF1BC576C100FFF44C /* Run Versioning Script */,
				2DC766F71B78D25F00866072 /* Resources */,
			);
			buildRules = (
			);
			dependencies = (
			);
			name = "Beddy Butler";
			productName = "Beddy Butler";
			productReference = 2DC766F91B78D25F00866072 /* Beddy Butler.app */;
			productType = "com.apple.product-type.application";
		};
		2DC7670A1B78D25F00866072 /* Beddy ButlerTests */ = {
			isa = PBXNativeTarget;
			buildConfigurationList = 2DC767181B78D25F00866072 /* Build configuration list for PBXNativeTarget "Beddy ButlerTests" */;
			buildPhases = (
				2DC767071B78D25F00866072 /* Sources */,
				2DC767081B78D25F00866072 /* Frameworks */,
				2DC767091B78D25F00866072 /* Resources */,
			);
			buildRules = (
			);
			dependencies = (
				2DC7670D1B78D25F00866072 /* PBXTargetDependency */,
			);
			name = "Beddy ButlerTests";
			productName = "Beddy ButlerTests";
			productReference = 2DC7670B1B78D25F00866072 /* Beddy ButlerTests.xctest */;
			productType = "com.apple.product-type.bundle.unit-test";
		};
/* End PBXNativeTarget section */

/* Begin PBXProject section */
		2DC766F11B78D25F00866072 /* Project object */ = {
			isa = PBXProject;
			attributes = {
				LastSwiftUpdateCheck = 0700;
				LastUpgradeCheck = 0710;
				ORGANIZATIONNAME = "David Garces";
				TargetAttributes = {
					2DC766F81B78D25F00866072 = {
						CreatedOnToolsVersion = 6.4;
						DevelopmentTeam = 64LV943Y52;
						SystemCapabilities = {
							com.apple.Sandbox = {
								enabled = 0;
							};
						};
					};
					2DC7670A1B78D25F00866072 = {
						CreatedOnToolsVersion = 6.4;
						TestTargetID = 2DC766F81B78D25F00866072;
					};
				};
			};
			buildConfigurationList = 2DC766F41B78D25F00866072 /* Build configuration list for PBXProject "Beddy Butler" */;
			compatibilityVersion = "Xcode 3.2";
			developmentRegion = English;
			hasScannedForEncodings = 0;
			knownRegions = (
				en,
				Base,
			);
			mainGroup = 2DC766F01B78D25F00866072;
			productRefGroup = 2DC766FA1B78D25F00866072 /* Products */;
			projectDirPath = "";
			projectRoot = "";
			targets = (
				2DC766F81B78D25F00866072 /* Beddy Butler */,
				2DC7670A1B78D25F00866072 /* Beddy ButlerTests */,
			);
		};
/* End PBXProject section */

/* Begin PBXResourcesBuildPhase section */
		2DC766F71B78D25F00866072 /* Resources */ = {
			isa = PBXResourcesBuildPhase;
			buildActionMask = 2147483647;
			files = (
				2D5ECA341C26F034005C9E1A /* 20151210 - Nell Watson - Insistent.18.mp3 in Resources */,
				2D5ECA731C26F034005C9E1A /* 20151210 - Nell Watson - Zombie.44.mp3 in Resources */,
				2D5ECA771C26F034005C9E1A /* 20151210 - Nell Watson - Zombie.48.mp3 in Resources */,
				2D5ECA741C26F034005C9E1A /* 20151210 - Nell Watson - Zombie.45.mp3 in Resources */,
				2D5ECA3B1C26F034005C9E1A /* 20151210 - Nell Watson - Shy.07.mp3 in Resources */,
				2D5ECA531C26F034005C9E1A /* 20151210 - Nell Watson - Zombie.12.mp3 in Resources */,
				2D5ECA271C26F034005C9E1A /* 20151210 - Nell Watson - Insistent.05.mp3 in Resources */,
				2D5ECA351C26F034005C9E1A /* 20151210 - Nell Watson - Insistent.18tuned.mp3 in Resources */,
				2D5ECA4E1C26F034005C9E1A /* 20151210 - Nell Watson - Zombie.07.mp3 in Resources */,
				2D5ECA3C1C26F034005C9E1A /* 20151210 - Nell Watson - Shy.08.mp3 in Resources */,
				2D5ECA781C26F034005C9E1A /* 20151210 - Nell Watson - Zombie.49.mp3 in Resources */,
				2D5ECA611C26F034005C9E1A /* 20151210 - Nell Watson - Zombie.26.mp3 in Resources */,
				2D5ECA5B1C26F034005C9E1A /* 20151210 - Nell Watson - Zombie.20.mp3 in Resources */,
				2D5ECA5D1C26F034005C9E1A /* 20151210 - Nell Watson - Zombie.22.mp3 in Resources */,
				2D5ECA551C26F034005C9E1A /* 20151210 - Nell Watson - Zombie.14.mp3 in Resources */,
				2D5ECA4B1C26F034005C9E1A /* 20151210 - Nell Watson - Zombie.04.mp3 in Resources */,
				2D5ECA641C26F034005C9E1A /* 20151210 - Nell Watson - Zombie.29.mp3 in Resources */,
				2D5ECA671C26F034005C9E1A /* 20151210 - Nell Watson - Zombie.32.mp3 in Resources */,
				2D5ECA711C26F034005C9E1A /* 20151210 - Nell Watson - Zombie.42.mp3 in Resources */,
				2D5ECA281C26F034005C9E1A /* 20151210 - Nell Watson - Insistent.06.mp3 in Resources */,
				2D5ECA381C26F034005C9E1A /* 20151210 - Nell Watson - Shy.04.mp3 in Resources */,
				2D5ECA5A1C26F034005C9E1A /* 20151210 - Nell Watson - Zombie.19.mp3 in Resources */,
				2D5ECA251C26F034005C9E1A /* 20151210 - Nell Watson - Insistent.03.mp3 in Resources */,
				2D5ECA3A1C26F034005C9E1A /* 20151210 - Nell Watson - Shy.06.mp3 in Resources */,
				2D5ECA581C26F034005C9E1A /* 20151210 - Nell Watson - Zombie.17.mp3 in Resources */,
				2D5ECA2B1C26F034005C9E1A /* 20151210 - Nell Watson - Insistent.09.mp3 in Resources */,
				2D5ECA2C1C26F034005C9E1A /* 20151210 - Nell Watson - Insistent.10.mp3 in Resources */,
				2D5ECA4D1C26F034005C9E1A /* 20151210 - Nell Watson - Zombie.06.mp3 in Resources */,
				2D5ECA761C26F034005C9E1A /* 20151210 - Nell Watson - Zombie.47.mp3 in Resources */,
				2D5ECA401C26F034005C9E1A /* 20151210 - Nell Watson - Shy.12.mp3 in Resources */,
				2D5ECA4A1C26F034005C9E1A /* 20151210 - Nell Watson - Zombie.03.mp3 in Resources */,
				2D5ECA2D1C26F034005C9E1A /* 20151210 - Nell Watson - Insistent.11.mp3 in Resources */,
				2D5ECA261C26F034005C9E1A /* 20151210 - Nell Watson - Insistent.04.mp3 in Resources */,
				2D5ECA681C26F034005C9E1A /* 20151210 - Nell Watson - Zombie.33.mp3 in Resources */,
				2D5ECA4F1C26F034005C9E1A /* 20151210 - Nell Watson - Zombie.08.mp3 in Resources */,
				2D5ECA751C26F034005C9E1A /* 20151210 - Nell Watson - Zombie.46.mp3 in Resources */,
				2D5ECA291C26F034005C9E1A /* 20151210 - Nell Watson - Insistent.07.mp3 in Resources */,
				2D5ECA7A1C26F034005C9E1A /* 20151210 - Nell Watson - Zombie.51.mp3 in Resources */,
				2D5ECA571C26F034005C9E1A /* 20151210 - Nell Watson - Zombie.16.mp3 in Resources */,
				2D5ECA461C26F034005C9E1A /* 20151210 - Nell Watson - Shy.18.mp3 in Resources */,
				2D5ECA301C26F034005C9E1A /* 20151210 - Nell Watson - Insistent.14.mp3 in Resources */,
				2D5ECA6E1C26F034005C9E1A /* 20151210 - Nell Watson - Zombie.39.mp3 in Resources */,
				2D5ECA321C26F034005C9E1A /* 20151210 - Nell Watson - Insistent.16b.mp3 in Resources */,
				2D5ECA2A1C26F034005C9E1A /* 20151210 - Nell Watson - Insistent.08.mp3 in Resources */,
				2D5ECA6A1C26F034005C9E1A /* 20151210 - Nell Watson - Zombie.35.mp3 in Resources */,
				2D5ECA6D1C26F034005C9E1A /* 20151210 - Nell Watson - Zombie.38.mp3 in Resources */,
				2D5ECA471C26F034005C9E1A /* 20151210 - Nell Watson - Shy.19.mp3 in Resources */,
				2DC767031B78D25F00866072 /* Images.xcassets in Resources */,
				2D5ECA6F1C26F034005C9E1A /* 20151210 - Nell Watson - Zombie.40.mp3 in Resources */,
				2D5ECA441C26F034005C9E1A /* 20151210 - Nell Watson - Shy.16.mp3 in Resources */,
				2D5ECA701C26F034005C9E1A /* 20151210 - Nell Watson - Zombie.41.mp3 in Resources */,
				2D5ECA721C26F034005C9E1A /* 20151210 - Nell Watson - Zombie.43.mp3 in Resources */,
				2D5ECA651C26F034005C9E1A /* 20151210 - Nell Watson - Zombie.30.mp3 in Resources */,
				2D5ECA481C26F034005C9E1A /* 20151210 - Nell Watson - Zombie.01.mp3 in Resources */,
				2D5ECA431C26F034005C9E1A /* 20151210 - Nell Watson - Shy.15.mp3 in Resources */,
				2D5ECA4C1C26F034005C9E1A /* 20151210 - Nell Watson - Zombie.05.mp3 in Resources */,
				2D5ECA501C26F034005C9E1A /* 20151210 - Nell Watson - Zombie.09.mp3 in Resources */,
				2D5ECA2F1C26F034005C9E1A /* 20151210 - Nell Watson - Insistent.13.mp3 in Resources */,
				2D5ECA621C26F034005C9E1A /* 20151210 - Nell Watson - Zombie.27.mp3 in Resources */,
				2D5ECA7B1C26F034005C9E1A /* 20151210 - Nell Watson - Zombie.52.mp3 in Resources */,
				2D5ECA541C26F034005C9E1A /* 20151210 - Nell Watson - Zombie.13.mp3 in Resources */,
				2D5ECA3E1C26F034005C9E1A /* 20151210 - Nell Watson - Shy.10.mp3 in Resources */,
				2D5ECA451C26F034005C9E1A /* 20151210 - Nell Watson - Shy.17.mp3 in Resources */,
				2D5ECA5E1C26F034005C9E1A /* 20151210 - Nell Watson - Zombie.23.mp3 in Resources */,
				2D5ECA391C26F034005C9E1A /* 20151210 - Nell Watson - Shy.05.mp3 in Resources */,
				2D5ECA7C1C26F034005C9E1A /* 20151210 - Nell Watson - Zombie.53.mp3 in Resources */,
				2D5ECA601C26F034005C9E1A /* 20151210 - Nell Watson - Zombie.25.mp3 in Resources */,
				2D5ECA2E1C26F034005C9E1A /* 20151210 - Nell Watson - Insistent.12.mp3 in Resources */,
				2D5ECA691C26F034005C9E1A /* 20151210 - Nell Watson - Zombie.34.mp3 in Resources */,
				2D5ECA631C26F034005C9E1A /* 20151210 - Nell Watson - Zombie.28.mp3 in Resources */,
				2D5ECA491C26F034005C9E1A /* 20151210 - Nell Watson - Zombie.02.mp3 in Resources */,
				2D5ECA241C26F034005C9E1A /* 20151210 - Nell Watson - Insistent.02.mp3 in Resources */,
				2D5ECA791C26F034005C9E1A /* 20151210 - Nell Watson - Zombie.50.mp3 in Resources */,
				2D5ECA6B1C26F034005C9E1A /* 20151210 - Nell Watson - Zombie.36.mp3 in Resources */,
				2D5ECA371C26F034005C9E1A /* 20151210 - Nell Watson - Shy.02.mp3 in Resources */,
				2D5ECA591C26F034005C9E1A /* 20151210 - Nell Watson - Zombie.18.mp3 in Resources */,
				2D5ECA5F1C26F034005C9E1A /* 20151210 - Nell Watson - Zombie.24.mp3 in Resources */,
				2D5ECA411C26F034005C9E1A /* 20151210 - Nell Watson - Shy.13.mp3 in Resources */,
				2D5ECA661C26F034005C9E1A /* 20151210 - Nell Watson - Zombie.31.mp3 in Resources */,
				2D5ECA7D1C26F034005C9E1A /* 20151210 - Nell Watson - Zombie.54.mp3 in Resources */,
				2D5ECA6C1C26F034005C9E1A /* 20151210 - Nell Watson - Zombie.37.mp3 in Resources */,
				2D5ECA361C26F034005C9E1A /* 20151210 - Nell Watson - Shy.01.mp3 in Resources */,
				2D5ECA231C26F034005C9E1A /* 20151210 - Nell Watson - Insistent.01.mp3 in Resources */,
				2D5ECA331C26F034005C9E1A /* 20151210 - Nell Watson - Insistent.17.mp3 in Resources */,
				2DC767061B78D25F00866072 /* Main.storyboard in Resources */,
				2D5ECA5C1C26F034005C9E1A /* 20151210 - Nell Watson - Zombie.21.mp3 in Resources */,
				2D5ECA3D1C26F034005C9E1A /* 20151210 - Nell Watson - Shy.09.mp3 in Resources */,
				2D5ECA421C26F034005C9E1A /* 20151210 - Nell Watson - Shy.14.mp3 in Resources */,
				2D5ECA3F1C26F034005C9E1A /* 20151210 - Nell Watson - Shy.11.mp3 in Resources */,
				2D5ECA521C26F034005C9E1A /* 20151210 - Nell Watson - Zombie.11.mp3 in Resources */,
				2D5ECA311C26F034005C9E1A /* 20151210 - Nell Watson - Insistent.15.mp3 in Resources */,
				2D5ECA511C26F034005C9E1A /* 20151210 - Nell Watson - Zombie.10.mp3 in Resources */,
				2D5ECA561C26F034005C9E1A /* 20151210 - Nell Watson - Zombie.15.mp3 in Resources */,
			);
			runOnlyForDeploymentPostprocessing = 0;
		};
		2DC767091B78D25F00866072 /* Resources */ = {
			isa = PBXResourcesBuildPhase;
			buildActionMask = 2147483647;
			files = (
			);
			runOnlyForDeploymentPostprocessing = 0;
		};
/* End PBXResourcesBuildPhase section */

/* Begin PBXShellScriptBuildPhase section */
		2D6082BF1BC576C100FFF44C /* Run Versioning Script */ = {
			isa = PBXShellScriptBuildPhase;
			buildActionMask = 2147483647;
			files = (
			);
			inputPaths = (
			);
			name = "Run Versioning Script";
			outputPaths = (
			);
			runOnlyForDeploymentPostprocessing = 0;
			shellPath = /bin/bash;
			shellScript = "buildNumber=$(/usr/libexec/PlistBuddy -c \"Print CFBundleVersion\" \"$INFOPLIST_FILE\")\nbuildNumber=$(($buildNumber + 1))\n/usr/libexec/PlistBuddy -c \"Set :CFBundleVersion $buildNumber\" \"$INFOPLIST_FILE\"";
		};
/* End PBXShellScriptBuildPhase section */

/* Begin PBXSourcesBuildPhase section */
		2DC766F51B78D25F00866072 /* Sources */ = {
			isa = PBXSourcesBuildPhase;
			buildActionMask = 2147483647;
			files = (
				2D45EB821BB7F61F00FCEAC2 /* DoubleSliderHandler.swift in Sources */,
				2D4B84851B87230F00735187 /* UserDefaultKeys.swift in Sources */,
				2DAF9DE91BBD57B20021FD0D /* SliderKeys.swift in Sources */,
				2D20F5B81B84CF3F00FE7EFC /* ButlerTimer.swift in Sources */,
				2D28669E1BA994CB00E2B35F /* DoubleSliderCellView.swift in Sources */,
				2DD2B24C1B91E26B006318E8 /* RandomnessFormatter.swift in Sources */,
				2D9B85361B836944002795F8 /* AudioPlayer.swift in Sources */,
				2DC767011B78D25F00866072 /* PreferencesViewController.swift in Sources */,
				2D076B6F1BA57F5B0052047C /* DoubleSliderView.swift in Sources */,
				2D2D56F21B9CD68C00705495 /* NotificationKeys.swift in Sources */,
				2D6082C11BC669EB00FFF44C /* AboutViewController.swift in Sources */,
				2D45EB831BB7F61F00FCEAC2 /* SliderHandle.swift in Sources */,
				2DA6062C1BDA2ADD0042F859 /* LoginItems.swift in Sources */,
				2DC766FF1B78D25F00866072 /* AppDelegate.swift in Sources */,
				2DD2B24E1B91F6D1006318E8 /* FrequencySlider.swift in Sources */,
			);
			runOnlyForDeploymentPostprocessing = 0;
		};
		2DC767071B78D25F00866072 /* Sources */ = {
			isa = PBXSourcesBuildPhase;
			buildActionMask = 2147483647;
			files = (
				2D5AD2191B87597A008953B1 /* Beddy_ButlerTimerTests.swift in Sources */,
				2DC767121B78D25F00866072 /* Beddy_ButlerSliderTests.swift in Sources */,
				2D9B85331B83678F002795F8 /* Beddy_ButlerAudioTests.swift in Sources */,
				2DCCAA221BD76EED00F96405 /* Beddy_ButlerLoginTests.swift in Sources */,
				2D30884B1B83878E0015E1A0 /* Betty_ButlerUserDefaultsTests.swift in Sources */,
			);
			runOnlyForDeploymentPostprocessing = 0;
		};
/* End PBXSourcesBuildPhase section */

/* Begin PBXTargetDependency section */
		2DC7670D1B78D25F00866072 /* PBXTargetDependency */ = {
			isa = PBXTargetDependency;
			target = 2DC766F81B78D25F00866072 /* Beddy Butler */;
			targetProxy = 2DC7670C1B78D25F00866072 /* PBXContainerItemProxy */;
		};
/* End PBXTargetDependency section */

/* Begin PBXVariantGroup section */
		2DC767041B78D25F00866072 /* Main.storyboard */ = {
			isa = PBXVariantGroup;
			children = (
				2DC767051B78D25F00866072 /* Base */,
			);
			name = Main.storyboard;
			sourceTree = "<group>";
		};
/* End PBXVariantGroup section */

/* Begin XCBuildConfiguration section */
		2DC767131B78D25F00866072 /* Debug */ = {
			isa = XCBuildConfiguration;
			buildSettings = {
				ALWAYS_SEARCH_USER_PATHS = NO;
				CLANG_CXX_LANGUAGE_STANDARD = "gnu++0x";
				CLANG_CXX_LIBRARY = "libc++";
				CLANG_ENABLE_MODULES = YES;
				CLANG_ENABLE_OBJC_ARC = YES;
				CLANG_WARN_BOOL_CONVERSION = YES;
				CLANG_WARN_CONSTANT_CONVERSION = YES;
				CLANG_WARN_DIRECT_OBJC_ISA_USAGE = YES_ERROR;
				CLANG_WARN_EMPTY_BODY = YES;
				CLANG_WARN_ENUM_CONVERSION = YES;
				CLANG_WARN_INT_CONVERSION = YES;
				CLANG_WARN_OBJC_ROOT_CLASS = YES_ERROR;
				CLANG_WARN_UNREACHABLE_CODE = YES;
				CLANG_WARN__DUPLICATE_METHOD_MATCH = YES;
				CODE_SIGN_IDENTITY = "-";
				COPY_PHASE_STRIP = NO;
				DEBUG_INFORMATION_FORMAT = dwarf;
				ENABLE_STRICT_OBJC_MSGSEND = YES;
				ENABLE_TESTABILITY = YES;
				GCC_C_LANGUAGE_STANDARD = gnu99;
				GCC_DYNAMIC_NO_PIC = NO;
				GCC_NO_COMMON_BLOCKS = YES;
				GCC_OPTIMIZATION_LEVEL = 0;
				GCC_PREPROCESSOR_DEFINITIONS = (
					"DEBUG=1",
					"$(inherited)",
				);
				GCC_SYMBOLS_PRIVATE_EXTERN = NO;
				GCC_WARN_64_TO_32_BIT_CONVERSION = YES;
				GCC_WARN_ABOUT_RETURN_TYPE = YES_ERROR;
				GCC_WARN_UNDECLARED_SELECTOR = YES;
				GCC_WARN_UNINITIALIZED_AUTOS = YES_AGGRESSIVE;
				GCC_WARN_UNUSED_FUNCTION = YES;
				GCC_WARN_UNUSED_VARIABLE = YES;
				MACOSX_DEPLOYMENT_TARGET = 10.10;
				MTL_ENABLE_DEBUG_INFO = YES;
				ONLY_ACTIVE_ARCH = YES;
				SDKROOT = macosx;
				SWIFT_OPTIMIZATION_LEVEL = "-Onone";
			};
			name = Debug;
		};
		2DC767141B78D25F00866072 /* Release */ = {
			isa = XCBuildConfiguration;
			buildSettings = {
				ALWAYS_SEARCH_USER_PATHS = NO;
				CLANG_CXX_LANGUAGE_STANDARD = "gnu++0x";
				CLANG_CXX_LIBRARY = "libc++";
				CLANG_ENABLE_MODULES = YES;
				CLANG_ENABLE_OBJC_ARC = YES;
				CLANG_WARN_BOOL_CONVERSION = YES;
				CLANG_WARN_CONSTANT_CONVERSION = YES;
				CLANG_WARN_DIRECT_OBJC_ISA_USAGE = YES_ERROR;
				CLANG_WARN_EMPTY_BODY = YES;
				CLANG_WARN_ENUM_CONVERSION = YES;
				CLANG_WARN_INT_CONVERSION = YES;
				CLANG_WARN_OBJC_ROOT_CLASS = YES_ERROR;
				CLANG_WARN_UNREACHABLE_CODE = YES;
				CLANG_WARN__DUPLICATE_METHOD_MATCH = YES;
				CODE_SIGN_IDENTITY = "-";
				COPY_PHASE_STRIP = NO;
				DEBUG_INFORMATION_FORMAT = "dwarf-with-dsym";
				ENABLE_NS_ASSERTIONS = NO;
				ENABLE_STRICT_OBJC_MSGSEND = YES;
				ENABLE_TESTABILITY = YES;
				GCC_C_LANGUAGE_STANDARD = gnu99;
				GCC_NO_COMMON_BLOCKS = YES;
				GCC_WARN_64_TO_32_BIT_CONVERSION = YES;
				GCC_WARN_ABOUT_RETURN_TYPE = YES_ERROR;
				GCC_WARN_UNDECLARED_SELECTOR = YES;
				GCC_WARN_UNINITIALIZED_AUTOS = YES_AGGRESSIVE;
				GCC_WARN_UNUSED_FUNCTION = YES;
				GCC_WARN_UNUSED_VARIABLE = YES;
				MACOSX_DEPLOYMENT_TARGET = 10.10;
				MTL_ENABLE_DEBUG_INFO = NO;
				SDKROOT = macosx;
			};
			name = Release;
		};
		2DC767161B78D25F00866072 /* Debug */ = {
			isa = XCBuildConfiguration;
			buildSettings = {
				ASSETCATALOG_COMPILER_APPICON_NAME = AppIcon;
				CLANG_ENABLE_MODULES = YES;
				CODE_SIGN_IDENTITY = "Developer ID Application";
				COMBINE_HIDPI_IMAGES = YES;
				INFOPLIST_FILE = "Beddy Butler/Info.plist";
				LD_RUNPATH_SEARCH_PATHS = "$(inherited) @executable_path/../Frameworks";
				MACOSX_DEPLOYMENT_TARGET = 10.10;
				PRODUCT_BUNDLE_IDENTIFIER = "com.nellwatson.$(PRODUCT_NAME:rfc1034identifier)";
				PRODUCT_NAME = "$(TARGET_NAME)";
				SWIFT_INSTALL_OBJC_HEADER = NO;
				SWIFT_OPTIMIZATION_LEVEL = "-Onone";
			};
			name = Debug;
		};
		2DC767171B78D25F00866072 /* Release */ = {
			isa = XCBuildConfiguration;
			buildSettings = {
				ASSETCATALOG_COMPILER_APPICON_NAME = AppIcon;
				CLANG_ENABLE_MODULES = YES;
				CODE_SIGN_IDENTITY = "Developer ID Application";
				COMBINE_HIDPI_IMAGES = YES;
				INFOPLIST_FILE = "Beddy Butler/Info.plist";
				LD_RUNPATH_SEARCH_PATHS = "$(inherited) @executable_path/../Frameworks";
				MACOSX_DEPLOYMENT_TARGET = 10.10;
				PRODUCT_BUNDLE_IDENTIFIER = "com.nellwatson.$(PRODUCT_NAME:rfc1034identifier)";
				PRODUCT_NAME = "$(TARGET_NAME)";
				SWIFT_INSTALL_OBJC_HEADER = NO;
			};
			name = Release;
		};
		2DC767191B78D25F00866072 /* Debug */ = {
			isa = XCBuildConfiguration;
			buildSettings = {
				BUNDLE_LOADER = "$(TEST_HOST)";
				COMBINE_HIDPI_IMAGES = YES;
				FRAMEWORK_SEARCH_PATHS = (
					"$(DEVELOPER_FRAMEWORKS_DIR)",
					"$(inherited)",
				);
				GCC_PREPROCESSOR_DEFINITIONS = (
					"DEBUG=1",
					"$(inherited)",
				);
				INFOPLIST_FILE = "Beddy ButlerTests/Info.plist";
				LD_RUNPATH_SEARCH_PATHS = "$(inherited) @executable_path/../Frameworks @loader_path/../Frameworks";
				PRODUCT_BUNDLE_IDENTIFIER = "be.quantacorp.$(PRODUCT_NAME:rfc1034identifier)";
				PRODUCT_NAME = "$(TARGET_NAME)";
				TEST_HOST = "$(BUILT_PRODUCTS_DIR)/Beddy Butler.app/Contents/MacOS/Beddy Butler";
			};
			name = Debug;
		};
		2DC7671A1B78D25F00866072 /* Release */ = {
			isa = XCBuildConfiguration;
			buildSettings = {
				BUNDLE_LOADER = "$(TEST_HOST)";
				COMBINE_HIDPI_IMAGES = YES;
				FRAMEWORK_SEARCH_PATHS = (
					"$(DEVELOPER_FRAMEWORKS_DIR)",
					"$(inherited)",
				);
				INFOPLIST_FILE = "Beddy ButlerTests/Info.plist";
				LD_RUNPATH_SEARCH_PATHS = "$(inherited) @executable_path/../Frameworks @loader_path/../Frameworks";
				PRODUCT_BUNDLE_IDENTIFIER = "be.quantacorp.$(PRODUCT_NAME:rfc1034identifier)";
				PRODUCT_NAME = "$(TARGET_NAME)";
				TEST_HOST = "$(BUILT_PRODUCTS_DIR)/Beddy Butler.app/Contents/MacOS/Beddy Butler";
			};
			name = Release;
		};
/* End XCBuildConfiguration section */

/* Begin XCConfigurationList section */
		2DC766F41B78D25F00866072 /* Build configuration list for PBXProject "Beddy Butler" */ = {
			isa = XCConfigurationList;
			buildConfigurations = (
				2DC767131B78D25F00866072 /* Debug */,
				2DC767141B78D25F00866072 /* Release */,
			);
			defaultConfigurationIsVisible = 0;
			defaultConfigurationName = Release;
		};
		2DC767151B78D25F00866072 /* Build configuration list for PBXNativeTarget "Beddy Butler" */ = {
			isa = XCConfigurationList;
			buildConfigurations = (
				2DC767161B78D25F00866072 /* Debug */,
				2DC767171B78D25F00866072 /* Release */,
			);
			defaultConfigurationIsVisible = 0;
			defaultConfigurationName = Release;
		};
		2DC767181B78D25F00866072 /* Build configuration list for PBXNativeTarget "Beddy ButlerTests" */ = {
			isa = XCConfigurationList;
			buildConfigurations = (
				2DC767191B78D25F00866072 /* Debug */,
				2DC7671A1B78D25F00866072 /* Release */,
			);
			defaultConfigurationIsVisible = 0;
			defaultConfigurationName = Release;
		};
/* End XCConfigurationList section */
	};
	rootObject = 2DC766F11B78D25F00866072 /* Project object */;
}
